
Microsoft Visual Studio Solution File, Format Version 12.00
# Visual Studio 2012
Project("{FAE04EC0-301F-11D3-BF4B-00C04F79EFBC}") = "Task1", "Task1\Task1.csproj", "{86D7E809-21D3-49ED-A770-4F1D8B4782D0}"
EndProject
Project("{FAE04EC0-301F-11D3-BF4B-00C04F79EFBC}") = "Task2", "Task2\Task2.csproj", "{0963FE70-1C08-4D5E-BA1C-FE2196F17CB4}"
EndProject
Project("{FAE04EC0-301F-11D3-BF4B-00C04F79EFBC}") = "Task1-1", "Task1-1\Task1-1.csproj", "{5E659A31-07AB-4CB9-A323-C18B2969E65E}"
EndProject
Project("{FAE04EC0-301F-11D3-BF4B-00C04F79EFBC}") = "Task3", "Task3\Task3.csproj", "{D43D8BA2-B95F-467B-B553-4E051D67DC10}"
EndProject
Project("{FAE04EC0-301F-11D3-BF4B-00C04F79EFBC}") = "Task4", "Task4\Task4.csproj", "{4A0DC4E0-3AD9-42C7-AC61-FC21821C6C94}"
EndProject
Project("{FAE04EC0-301F-11D3-BF4B-00C04F79EFBC}") = "Task5", "Task5\Task5.csproj", "{222B4BAF-5FA7-4685-AFC9-24343AC934B3}"
EndProject
Project("{FAE04EC0-301F-11D3-BF4B-00C04F79EFBC}") = "Task6", "Task6\Task6.csproj", "{805EC167-90B2-4F6B-B240-3B9E3DCEBFBB}"
EndProject
Project("{FAE04EC0-301F-11D3-BF4B-00C04F79EFBC}") = "Task7", "Task7\Task7.csproj", "{8F6D73FB-4105-443A-8316-B3CA5461FBCD}"
EndProject
Project("{FAE04EC0-301F-11D3-BF4B-00C04F79EFBC}") = "Task8", "Task8\Task8.csproj", "{5494BC27-1586-478A-9E4C-1380DFB1BB41}"
EndProject
Project("{FAE04EC0-301F-11D3-BF4B-00C04F79EFBC}") = "Task9", "Task9\Task9.csproj", "{40DF67D3-B50C-47EE-8CC4-6F3F413B6371}"
EndProject
Project("{FAE04EC0-301F-11D3-BF4B-00C04F79EFBC}") = "Task10", "Task10\Task10.csproj", "{EA39D884-108C-4D19-B45B-D1D101C74DE4}"
EndProject
Project("{FAE04EC0-301F-11D3-BF4B-00C04F79EFBC}") = "Task11", "Task11\Task11.csproj", "{79FCF2F2-4A42-425D-9A1C-7798243CA6B8}"
EndProject
Project("{FAE04EC0-301F-11D3-BF4B-00C04F79EFBC}") = "Task12", "Task12\Task12.csproj", "{0BD2CE9F-494B-4C7C-B1EC-F61A1574147A}"
EndProject
Project("{FAE04EC0-301F-11D3-BF4B-00C04F79EFBC}") = "Task13", "Task13\Task13.csproj", "{46CD21AD-4E7A-41DA-832F-F916C675154C}"
EndProject
Project("{FAE04EC0-301F-11D3-BF4B-00C04F79EFBC}") = "Task14", "Task14\Task14.csproj", "{54C56660-6223-4BF2-8AD5-4A6291BE7001}"
EndProject
Global
	GlobalSection(SolutionConfigurationPlatforms) = preSolution
		Debug|Any CPU = Debug|Any CPU
		Release|Any CPU = Release|Any CPU
	EndGlobalSection
	GlobalSection(ProjectConfigurationPlatforms) = postSolution
		{86D7E809-21D3-49ED-A770-4F1D8B4782D0}.Debug|Any CPU.ActiveCfg = Debug|Any CPU
		{86D7E809-21D3-49ED-A770-4F1D8B4782D0}.Debug|Any CPU.Build.0 = Debug|Any CPU
		{86D7E809-21D3-49ED-A770-4F1D8B4782D0}.Release|Any CPU.ActiveCfg = Release|Any CPU
		{86D7E809-21D3-49ED-A770-4F1D8B4782D0}.Release|Any CPU.Build.0 = Release|Any CPU
		{0963FE70-1C08-4D5E-BA1C-FE2196F17CB4}.Debug|Any CPU.ActiveCfg = Debug|Any CPU
		{0963FE70-1C08-4D5E-BA1C-FE2196F17CB4}.Debug|Any CPU.Build.0 = Debug|Any CPU
		{0963FE70-1C08-4D5E-BA1C-FE2196F17CB4}.Release|Any CPU.ActiveCfg = Release|Any CPU
		{0963FE70-1C08-4D5E-BA1C-FE2196F17CB4}.Release|Any CPU.Build.0 = Release|Any CPU
		{5E659A31-07AB-4CB9-A323-C18B2969E65E}.Debug|Any CPU.ActiveCfg = Debug|Any CPU
		{5E659A31-07AB-4CB9-A323-C18B2969E65E}.Debug|Any CPU.Build.0 = Debug|Any CPU
		{5E659A31-07AB-4CB9-A323-C18B2969E65E}.Release|Any CPU.ActiveCfg = Release|Any CPU
		{5E659A31-07AB-4CB9-A323-C18B2969E65E}.Release|Any CPU.Build.0 = Release|Any CPU
		{D43D8BA2-B95F-467B-B553-4E051D67DC10}.Debug|Any CPU.ActiveCfg = Debug|Any CPU
		{D43D8BA2-B95F-467B-B553-4E051D67DC10}.Debug|Any CPU.Build.0 = Debug|Any CPU
		{D43D8BA2-B95F-467B-B553-4E051D67DC10}.Release|Any CPU.ActiveCfg = Release|Any CPU
		{D43D8BA2-B95F-467B-B553-4E051D67DC10}.Release|Any CPU.Build.0 = Release|Any CPU
		{4A0DC4E0-3AD9-42C7-AC61-FC21821C6C94}.Debug|Any CPU.ActiveCfg = Debug|Any CPU
		{4A0DC4E0-3AD9-42C7-AC61-FC21821C6C94}.Debug|Any CPU.Build.0 = Debug|Any CPU
		{4A0DC4E0-3AD9-42C7-AC61-FC21821C6C94}.Release|Any CPU.ActiveCfg = Release|Any CPU
		{4A0DC4E0-3AD9-42C7-AC61-FC21821C6C94}.Release|Any CPU.Build.0 = Release|Any CPU
		{222B4BAF-5FA7-4685-AFC9-24343AC934B3}.Debug|Any CPU.ActiveCfg = Debug|Any CPU
		{222B4BAF-5FA7-4685-AFC9-24343AC934B3}.Debug|Any CPU.Build.0 = Debug|Any CPU
		{222B4BAF-5FA7-4685-AFC9-24343AC934B3}.Release|Any CPU.ActiveCfg = Release|Any CPU
		{222B4BAF-5FA7-4685-AFC9-24343AC934B3}.Release|Any CPU.Build.0 = Release|Any CPU
		{805EC167-90B2-4F6B-B240-3B9E3DCEBFBB}.Debug|Any CPU.ActiveCfg = Debug|Any CPU
		{805EC167-90B2-4F6B-B240-3B9E3DCEBFBB}.Debug|Any CPU.Build.0 = Debug|Any CPU
		{805EC167-90B2-4F6B-B240-3B9E3DCEBFBB}.Release|Any CPU.ActiveCfg = Release|Any CPU
		{805EC167-90B2-4F6B-B240-3B9E3DCEBFBB}.Release|Any CPU.Build.0 = Release|Any CPU
		{8F6D73FB-4105-443A-8316-B3CA5461FBCD}.Debug|Any CPU.ActiveCfg = Debug|Any CPU
		{8F6D73FB-4105-443A-8316-B3CA5461FBCD}.Debug|Any CPU.Build.0 = Debug|Any CPU
		{8F6D73FB-4105-443A-8316-B3CA5461FBCD}.Release|Any CPU.ActiveCfg = Release|Any CPU
		{8F6D73FB-4105-443A-8316-B3CA5461FBCD}.Release|Any CPU.Build.0 = Release|Any CPU
		{5494BC27-1586-478A-9E4C-1380DFB1BB41}.Debug|Any CPU.ActiveCfg = Debug|Any CPU
		{5494BC27-1586-478A-9E4C-1380DFB1BB41}.Debug|Any CPU.Build.0 = Debug|Any CPU
		{5494BC27-1586-478A-9E4C-1380DFB1BB41}.Release|Any CPU.ActiveCfg = Release|Any CPU
		{5494BC27-1586-478A-9E4C-1380DFB1BB41}.Release|Any CPU.Build.0 = Release|Any CPU
		{40DF67D3-B50C-47EE-8CC4-6F3F413B6371}.Debug|Any CPU.ActiveCfg = Debug|Any CPU
		{40DF67D3-B50C-47EE-8CC4-6F3F413B6371}.Debug|Any CPU.Build.0 = Debug|Any CPU
		{40DF67D3-B50C-47EE-8CC4-6F3F413B6371}.Release|Any CPU.ActiveCfg = Release|Any CPU
		{40DF67D3-B50C-47EE-8CC4-6F3F413B6371}.Release|Any CPU.Build.0 = Release|Any CPU
		{EA39D884-108C-4D19-B45B-D1D101C74DE4}.Debug|Any CPU.ActiveCfg = Debug|Any CPU
		{EA39D884-108C-4D19-B45B-D1D101C74DE4}.Debug|Any CPU.Build.0 = Debug|Any CPU
		{EA39D884-108C-4D19-B45B-D1D101C74DE4}.Release|Any CPU.ActiveCfg = Release|Any CPU
		{EA39D884-108C-4D19-B45B-D1D101C74DE4}.Release|Any CPU.Build.0 = Release|Any CPU
		{79FCF2F2-4A42-425D-9A1C-7798243CA6B8}.Debug|Any CPU.ActiveCfg = Debug|Any CPU
		{79FCF2F2-4A42-425D-9A1C-7798243CA6B8}.Debug|Any CPU.Build.0 = Debug|Any CPU
		{79FCF2F2-4A42-425D-9A1C-7798243CA6B8}.Release|Any CPU.ActiveCfg = Release|Any CPU
		{79FCF2F2-4A42-425D-9A1C-7798243CA6B8}.Release|Any CPU.Build.0 = Release|Any CPU
		{0BD2CE9F-494B-4C7C-B1EC-F61A1574147A}.Debug|Any CPU.ActiveCfg = Debug|Any CPU
		{0BD2CE9F-494B-4C7C-B1EC-F61A1574147A}.Debug|Any CPU.Build.0 = Debug|Any CPU
		{0BD2CE9F-494B-4C7C-B1EC-F61A1574147A}.Release|Any CPU.ActiveCfg = Release|Any CPU
		{0BD2CE9F-494B-4C7C-B1EC-F61A1574147A}.Release|Any CPU.Build.0 = Release|Any CPU
		{46CD21AD-4E7A-41DA-832F-F916C675154C}.Debug|Any CPU.ActiveCfg = Debug|Any CPU
		{46CD21AD-4E7A-41DA-832F-F916C675154C}.Debug|Any CPU.Build.0 = Debug|Any CPU
		{46CD21AD-4E7A-41DA-832F-F916C675154C}.Release|Any CPU.ActiveCfg = Release|Any CPU
		{46CD21AD-4E7A-41DA-832F-F916C675154C}.Release|Any CPU.Build.0 = Release|Any CPU
		{54C56660-6223-4BF2-8AD5-4A6291BE7001}.Debug|Any CPU.ActiveCfg = Debug|Any CPU
		{54C56660-6223-4BF2-8AD5-4A6291BE7001}.Debug|Any CPU.Build.0 = Debug|Any CPU
		{54C56660-6223-4BF2-8AD5-4A6291BE7001}.Release|Any CPU.ActiveCfg = Release|Any CPU
		{54C56660-6223-4BF2-8AD5-4A6291BE7001}.Release|Any CPU.Build.0 = Release|Any CPU
	EndGlobalSection
	GlobalSection(SolutionProperties) = preSolution
		HideSolutionNode = FALSE
	EndGlobalSection
EndGlobal
