
Microsoft Visual Studio Solution File, Format Version 12.00
# Visual Studio 2012
Project("{FAE04EC0-301F-11D3-BF4B-00C04F79EFBC}") = "Task1", "Task1\Task1.csproj", "{2902488A-6992-4F41-AE4C-7585045A277D}"
EndProject
Project("{FAE04EC0-301F-11D3-BF4B-00C04F79EFBC}") = "Task2", "Task2\Task2.csproj", "{AA63359E-5091-424C-A44F-DFDD41F62766}"
EndProject
Project("{FAE04EC0-301F-11D3-BF4B-00C04F79EFBC}") = "Task3", "Task3\Task3.csproj", "{9986A54B-D376-4183-9A59-2FEAAE505082}"
EndProject
Project("{FAE04EC0-301F-11D3-BF4B-00C04F79EFBC}") = "Task4", "Task4\Task4.csproj", "{09E9F88E-94E6-421B-8BAF-BB282EA1DD0C}"
EndProject
Project("{FAE04EC0-301F-11D3-BF4B-00C04F79EFBC}") = "Task5", "Task5\Task5.csproj", "{170FA6C8-E26A-4412-AC0D-BE004DE3DEBC}"
EndProject
Project("{FAE04EC0-301F-11D3-BF4B-00C04F79EFBC}") = "Task6", "Task6\Task6.csproj", "{2834D98A-64F9-406D-8A7B-53285B5405DE}"
EndProject
Project("{FAE04EC0-301F-11D3-BF4B-00C04F79EFBC}") = "Task7", "Task7\Task7.csproj", "{D2B42F60-0EF0-45F4-AE7D-A5768C03FD6B}"
EndProject
Project("{FAE04EC0-301F-11D3-BF4B-00C04F79EFBC}") = "Task8", "Task8\Task8.csproj", "{33E69FB9-6768-4973-B8AF-040C69EC683C}"
EndProject
Project("{FAE04EC0-301F-11D3-BF4B-00C04F79EFBC}") = "Task9", "Task9\Task9.csproj", "{FEADD29C-4C2F-45D7-AAE5-B7761788E427}"
EndProject
Project("{FAE04EC0-301F-11D3-BF4B-00C04F79EFBC}") = "Task10", "Task10\Task10.csproj", "{5DAB848A-E8C7-4830-B693-FD21FD70280E}"
EndProject
Project("{FAE04EC0-301F-11D3-BF4B-00C04F79EFBC}") = "Task11", "Task11\Task11.csproj", "{140D9F2C-B9DD-4B7C-9AD4-FFA652BF689E}"
EndProject
Project("{FAE04EC0-301F-11D3-BF4B-00C04F79EFBC}") = "Task12", "Task12\Task12.csproj", "{4625B458-3C4F-46DE-A497-2D6B20EDF487}"
EndProject
Project("{FAE04EC0-301F-11D3-BF4B-00C04F79EFBC}") = "Task13", "Task13\Task13.csproj", "{671F7190-65AC-496F-8329-76B53FCE911E}"
EndProject
Project("{FAE04EC0-301F-11D3-BF4B-00C04F79EFBC}") = "Task14", "Task14\Task14.csproj", "{14B3A2A0-A6FB-4DA5-87E6-5301BD126AB8}"
EndProject
Project("{FAE04EC0-301F-11D3-BF4B-00C04F79EFBC}") = "Task16", "Task16\Task16.csproj", "{186BA207-2864-4A42-A0E8-277D02B4B1FD}"
EndProject
Project("{FAE04EC0-301F-11D3-BF4B-00C04F79EFBC}") = "Task17", "Task17\Task17.csproj", "{6AF23B73-D3B4-480B-B0E0-5DD8E084508D}"
EndProject
Global
	GlobalSection(SolutionConfigurationPlatforms) = preSolution
		Debug|Any CPU = Debug|Any CPU
		Release|Any CPU = Release|Any CPU
	EndGlobalSection
	GlobalSection(ProjectConfigurationPlatforms) = postSolution
		{2902488A-6992-4F41-AE4C-7585045A277D}.Debug|Any CPU.ActiveCfg = Debug|Any CPU
		{2902488A-6992-4F41-AE4C-7585045A277D}.Debug|Any CPU.Build.0 = Debug|Any CPU
		{2902488A-6992-4F41-AE4C-7585045A277D}.Release|Any CPU.ActiveCfg = Release|Any CPU
		{2902488A-6992-4F41-AE4C-7585045A277D}.Release|Any CPU.Build.0 = Release|Any CPU
		{AA63359E-5091-424C-A44F-DFDD41F62766}.Debug|Any CPU.ActiveCfg = Debug|Any CPU
		{AA63359E-5091-424C-A44F-DFDD41F62766}.Debug|Any CPU.Build.0 = Debug|Any CPU
		{AA63359E-5091-424C-A44F-DFDD41F62766}.Release|Any CPU.ActiveCfg = Release|Any CPU
		{AA63359E-5091-424C-A44F-DFDD41F62766}.Release|Any CPU.Build.0 = Release|Any CPU
		{9986A54B-D376-4183-9A59-2FEAAE505082}.Debug|Any CPU.ActiveCfg = Debug|Any CPU
		{9986A54B-D376-4183-9A59-2FEAAE505082}.Debug|Any CPU.Build.0 = Debug|Any CPU
		{9986A54B-D376-4183-9A59-2FEAAE505082}.Release|Any CPU.ActiveCfg = Release|Any CPU
		{9986A54B-D376-4183-9A59-2FEAAE505082}.Release|Any CPU.Build.0 = Release|Any CPU
		{09E9F88E-94E6-421B-8BAF-BB282EA1DD0C}.Debug|Any CPU.ActiveCfg = Debug|Any CPU
		{09E9F88E-94E6-421B-8BAF-BB282EA1DD0C}.Debug|Any CPU.Build.0 = Debug|Any CPU
		{09E9F88E-94E6-421B-8BAF-BB282EA1DD0C}.Release|Any CPU.ActiveCfg = Release|Any CPU
		{09E9F88E-94E6-421B-8BAF-BB282EA1DD0C}.Release|Any CPU.Build.0 = Release|Any CPU
		{170FA6C8-E26A-4412-AC0D-BE004DE3DEBC}.Debug|Any CPU.ActiveCfg = Debug|Any CPU
		{170FA6C8-E26A-4412-AC0D-BE004DE3DEBC}.Debug|Any CPU.Build.0 = Debug|Any CPU
		{170FA6C8-E26A-4412-AC0D-BE004DE3DEBC}.Release|Any CPU.ActiveCfg = Release|Any CPU
		{170FA6C8-E26A-4412-AC0D-BE004DE3DEBC}.Release|Any CPU.Build.0 = Release|Any CPU
		{2834D98A-64F9-406D-8A7B-53285B5405DE}.Debug|Any CPU.ActiveCfg = Debug|Any CPU
		{2834D98A-64F9-406D-8A7B-53285B5405DE}.Debug|Any CPU.Build.0 = Debug|Any CPU
		{2834D98A-64F9-406D-8A7B-53285B5405DE}.Release|Any CPU.ActiveCfg = Release|Any CPU
		{2834D98A-64F9-406D-8A7B-53285B5405DE}.Release|Any CPU.Build.0 = Release|Any CPU
		{D2B42F60-0EF0-45F4-AE7D-A5768C03FD6B}.Debug|Any CPU.ActiveCfg = Debug|Any CPU
		{D2B42F60-0EF0-45F4-AE7D-A5768C03FD6B}.Debug|Any CPU.Build.0 = Debug|Any CPU
		{D2B42F60-0EF0-45F4-AE7D-A5768C03FD6B}.Release|Any CPU.ActiveCfg = Release|Any CPU
		{D2B42F60-0EF0-45F4-AE7D-A5768C03FD6B}.Release|Any CPU.Build.0 = Release|Any CPU
		{33E69FB9-6768-4973-B8AF-040C69EC683C}.Debug|Any CPU.ActiveCfg = Debug|Any CPU
		{33E69FB9-6768-4973-B8AF-040C69EC683C}.Debug|Any CPU.Build.0 = Debug|Any CPU
		{33E69FB9-6768-4973-B8AF-040C69EC683C}.Release|Any CPU.ActiveCfg = Release|Any CPU
		{33E69FB9-6768-4973-B8AF-040C69EC683C}.Release|Any CPU.Build.0 = Release|Any CPU
		{FEADD29C-4C2F-45D7-AAE5-B7761788E427}.Debug|Any CPU.ActiveCfg = Debug|Any CPU
		{FEADD29C-4C2F-45D7-AAE5-B7761788E427}.Debug|Any CPU.Build.0 = Debug|Any CPU
		{FEADD29C-4C2F-45D7-AAE5-B7761788E427}.Release|Any CPU.ActiveCfg = Release|Any CPU
		{FEADD29C-4C2F-45D7-AAE5-B7761788E427}.Release|Any CPU.Build.0 = Release|Any CPU
		{5DAB848A-E8C7-4830-B693-FD21FD70280E}.Debug|Any CPU.ActiveCfg = Debug|Any CPU
		{5DAB848A-E8C7-4830-B693-FD21FD70280E}.Debug|Any CPU.Build.0 = Debug|Any CPU
		{5DAB848A-E8C7-4830-B693-FD21FD70280E}.Release|Any CPU.ActiveCfg = Release|Any CPU
		{5DAB848A-E8C7-4830-B693-FD21FD70280E}.Release|Any CPU.Build.0 = Release|Any CPU
		{140D9F2C-B9DD-4B7C-9AD4-FFA652BF689E}.Debug|Any CPU.ActiveCfg = Debug|Any CPU
		{140D9F2C-B9DD-4B7C-9AD4-FFA652BF689E}.Debug|Any CPU.Build.0 = Debug|Any CPU
		{140D9F2C-B9DD-4B7C-9AD4-FFA652BF689E}.Release|Any CPU.ActiveCfg = Release|Any CPU
		{140D9F2C-B9DD-4B7C-9AD4-FFA652BF689E}.Release|Any CPU.Build.0 = Release|Any CPU
		{4625B458-3C4F-46DE-A497-2D6B20EDF487}.Debug|Any CPU.ActiveCfg = Debug|Any CPU
		{4625B458-3C4F-46DE-A497-2D6B20EDF487}.Debug|Any CPU.Build.0 = Debug|Any CPU
		{4625B458-3C4F-46DE-A497-2D6B20EDF487}.Release|Any CPU.ActiveCfg = Release|Any CPU
		{4625B458-3C4F-46DE-A497-2D6B20EDF487}.Release|Any CPU.Build.0 = Release|Any CPU
		{671F7190-65AC-496F-8329-76B53FCE911E}.Debug|Any CPU.ActiveCfg = Debug|Any CPU
		{671F7190-65AC-496F-8329-76B53FCE911E}.Debug|Any CPU.Build.0 = Debug|Any CPU
		{671F7190-65AC-496F-8329-76B53FCE911E}.Release|Any CPU.ActiveCfg = Release|Any CPU
		{671F7190-65AC-496F-8329-76B53FCE911E}.Release|Any CPU.Build.0 = Release|Any CPU
		{14B3A2A0-A6FB-4DA5-87E6-5301BD126AB8}.Debug|Any CPU.ActiveCfg = Debug|Any CPU
		{14B3A2A0-A6FB-4DA5-87E6-5301BD126AB8}.Debug|Any CPU.Build.0 = Debug|Any CPU
		{14B3A2A0-A6FB-4DA5-87E6-5301BD126AB8}.Release|Any CPU.ActiveCfg = Release|Any CPU
		{14B3A2A0-A6FB-4DA5-87E6-5301BD126AB8}.Release|Any CPU.Build.0 = Release|Any CPU
		{186BA207-2864-4A42-A0E8-277D02B4B1FD}.Debug|Any CPU.ActiveCfg = Debug|Any CPU
		{186BA207-2864-4A42-A0E8-277D02B4B1FD}.Debug|Any CPU.Build.0 = Debug|Any CPU
		{186BA207-2864-4A42-A0E8-277D02B4B1FD}.Release|Any CPU.ActiveCfg = Release|Any CPU
		{186BA207-2864-4A42-A0E8-277D02B4B1FD}.Release|Any CPU.Build.0 = Release|Any CPU
		{6AF23B73-D3B4-480B-B0E0-5DD8E084508D}.Debug|Any CPU.ActiveCfg = Debug|Any CPU
		{6AF23B73-D3B4-480B-B0E0-5DD8E084508D}.Debug|Any CPU.Build.0 = Debug|Any CPU
		{6AF23B73-D3B4-480B-B0E0-5DD8E084508D}.Release|Any CPU.ActiveCfg = Release|Any CPU
		{6AF23B73-D3B4-480B-B0E0-5DD8E084508D}.Release|Any CPU.Build.0 = Release|Any CPU
	EndGlobalSection
	GlobalSection(SolutionProperties) = preSolution
		HideSolutionNode = FALSE
	EndGlobalSection
EndGlobal
