
Microsoft Visual Studio Solution File, Format Version 12.00
# Visual Studio 2012
Project("{FAE04EC0-301F-11D3-BF4B-00C04F79EFBC}") = "Task1", "Task1\Task1.csproj", "{2902488A-6992-4F41-AE4C-7585045A277D}"
EndProject
Project("{FAE04EC0-301F-11D3-BF4B-00C04F79EFBC}") = "Task2", "Task2\Task2.csproj", "{AA63359E-5091-424C-A44F-DFDD41F62766}"
EndProject
Project("{FAE04EC0-301F-11D3-BF4B-00C04F79EFBC}") = "Task3", "Task3\Task3.csproj", "{9986A54B-D376-4183-9A59-2FEAAE505082}"
EndProject
Project("{FAE04EC0-301F-11D3-BF4B-00C04F79EFBC}") = "Task4", "Task4\Task4.csproj", "{09E9F88E-94E6-421B-8BAF-BB282EA1DD0C}"
EndProject
Project("{FAE04EC0-301F-11D3-BF4B-00C04F79EFBC}") = "Task5", "Task5\Task5.csproj", "{170FA6C8-E26A-4412-AC0D-BE004DE3DEBC}"
EndProject
Project("{FAE04EC0-301F-11D3-BF4B-00C04F79EFBC}") = "Task6", "Task6\Task6.csproj", "{2834D98A-64F9-406D-8A7B-53285B5405DE}"
EndProject
Project("{FAE04EC0-301F-11D3-BF4B-00C04F79EFBC}") = "Task7", "Task7\Task7.csproj", "{D2B42F60-0EF0-45F4-AE7D-A5768C03FD6B}"
EndProject
Project("{FAE04EC0-301F-11D3-BF4B-00C04F79EFBC}") = "Task8", "Task8\Task8.csproj", "{33E69FB9-6768-4973-B8AF-040C69EC683C}"
EndProject
Project("{FAE04EC0-301F-11D3-BF4B-00C04F79EFBC}") = "Task9", "Task9\Task9.csproj", "{FEADD29C-4C2F-45D7-AAE5-B7761788E427}"
EndProject
Project("{FAE04EC0-301F-11D3-BF4B-00C04F79EFBC}") = "Task10", "Task10\Task10.csproj", "{5DAB848A-E8C7-4830-B693-FD21FD70280E}"
EndProject
Project("{FAE04EC0-301F-11D3-BF4B-00C04F79EFBC}") = "Task11", "Task11\Task11.csproj", "{140D9F2C-B9DD-4B7C-9AD4-FFA652BF689E}"
EndProject
Project("{FAE04EC0-301F-11D3-BF4B-00C04F79EFBC}") = "Task12", "Task12\Task12.csproj", "{4625B458-3C4F-46DE-A497-2D6B20EDF487}"
EndProject
Project("{FAE04EC0-301F-11D3-BF4B-00C04F79EFBC}") = "Task13", "Task13\Task13.csproj", "{671F7190-65AC-496F-8329-76B53FCE911E}"
EndProject
Project("{FAE04EC0-301F-11D3-BF4B-00C04F79EFBC}") = "Task14", "Task14\Task14.csproj", "{14B3A2A0-A6FB-4DA5-87E6-5301BD126AB8}"
EndProject
Project("{FAE04EC0-301F-11D3-BF4B-00C04F79EFBC}") = "Task16", "Task16\Task16.csproj", "{186BA207-2864-4A42-A0E8-277D02B4B1FD}"
EndProject
Project("{FAE04EC0-301F-11D3-BF4B-00C04F79EFBC}") = "Task17", "Task17\Task17.csproj", "{6AF23B73-D3B4-480B-B0E0-5DD8E084508D}"
EndProject
Project("{FAE04EC0-301F-11D3-BF4B-00C04F79EFBC}") = "Task15", "Task15\Task15.csproj", "{A16ECF36-DD26-45EC-8C20-9AB44A923684}"
EndProject
Project("{FAE04EC0-301F-11D3-BF4B-00C04F79EFBC}") = "Task18", "Task18\Task18.csproj", "{276CCC3E-AC90-406B-A0E8-9B792EFE3705}"
EndProject
Project("{FAE04EC0-301F-11D3-BF4B-00C04F79EFBC}") = "Task19", "Task19\Task19.csproj", "{FE7F1E13-06EF-40A6-9B96-EF4F14F58F73}"
EndProject
Project("{FAE04EC0-301F-11D3-BF4B-00C04F79EFBC}") = "Task20", "Task20\Task20.csproj", "{E576F54C-8600-41C2-AB0A-C06F7901FE2B}"
EndProject
Project("{FAE04EC0-301F-11D3-BF4B-00C04F79EFBC}") = "Task11-1", "Task11-1\Task11-1.csproj", "{F2E53220-1AB1-47AA-B858-9F7CC70C8FC5}"
EndProject
Project("{FAE04EC0-301F-11D3-BF4B-00C04F79EFBC}") = "Task21", "Task21\Task21.csproj", "{6CAE6A6C-898B-466C-872D-3C58C3F8F08F}"
EndProject
Project("{FAE04EC0-301F-11D3-BF4B-00C04F79EFBC}") = "Task23", "Task23\Task23.csproj", "{D165255B-ED0C-47AD-967C-1AE1150A33B3}"
EndProject
Project("{FAE04EC0-301F-11D3-BF4B-00C04F79EFBC}") = "Task22", "Task22\Task22.csproj", "{9905BE6F-8B8E-4D17-BE0A-D39CBE9E823E}"
EndProject
Project("{FAE04EC0-301F-11D3-BF4B-00C04F79EFBC}") = "Task24", "Task24\Task24.csproj", "{0C9E044A-896F-4952-932B-7AEE4BE47F50}"
EndProject
Project("{FAE04EC0-301F-11D3-BF4B-00C04F79EFBC}") = "Task22-1", "Task22-1\Task22-1.csproj", "{08259071-84C0-45BE-92FD-55600B70AAC7}"
EndProject
Project("{FAE04EC0-301F-11D3-BF4B-00C04F79EFBC}") = "Task25", "Task25\Task25.csproj", "{1669E6CA-9B8C-4F6F-B2C0-2442A0F4FCDC}"
EndProject
Project("{FAE04EC0-301F-11D3-BF4B-00C04F79EFBC}") = "Task26", "Task26\Task26.csproj", "{63520982-E71B-4C1B-9959-7F33A08CD45F}"
EndProject
Global
	GlobalSection(SolutionConfigurationPlatforms) = preSolution
		Debug|Any CPU = Debug|Any CPU
		Release|Any CPU = Release|Any CPU
	EndGlobalSection
	GlobalSection(ProjectConfigurationPlatforms) = postSolution
		{2902488A-6992-4F41-AE4C-7585045A277D}.Debug|Any CPU.ActiveCfg = Debug|Any CPU
		{2902488A-6992-4F41-AE4C-7585045A277D}.Debug|Any CPU.Build.0 = Debug|Any CPU
		{2902488A-6992-4F41-AE4C-7585045A277D}.Release|Any CPU.ActiveCfg = Release|Any CPU
		{2902488A-6992-4F41-AE4C-7585045A277D}.Release|Any CPU.Build.0 = Release|Any CPU
		{AA63359E-5091-424C-A44F-DFDD41F62766}.Debug|Any CPU.ActiveCfg = Debug|Any CPU
		{AA63359E-5091-424C-A44F-DFDD41F62766}.Debug|Any CPU.Build.0 = Debug|Any CPU
		{AA63359E-5091-424C-A44F-DFDD41F62766}.Release|Any CPU.ActiveCfg = Release|Any CPU
		{AA63359E-5091-424C-A44F-DFDD41F62766}.Release|Any CPU.Build.0 = Release|Any CPU
		{9986A54B-D376-4183-9A59-2FEAAE505082}.Debug|Any CPU.ActiveCfg = Debug|Any CPU
		{9986A54B-D376-4183-9A59-2FEAAE505082}.Debug|Any CPU.Build.0 = Debug|Any CPU
		{9986A54B-D376-4183-9A59-2FEAAE505082}.Release|Any CPU.ActiveCfg = Release|Any CPU
		{9986A54B-D376-4183-9A59-2FEAAE505082}.Release|Any CPU.Build.0 = Release|Any CPU
		{09E9F88E-94E6-421B-8BAF-BB282EA1DD0C}.Debug|Any CPU.ActiveCfg = Debug|Any CPU
		{09E9F88E-94E6-421B-8BAF-BB282EA1DD0C}.Debug|Any CPU.Build.0 = Debug|Any CPU
		{09E9F88E-94E6-421B-8BAF-BB282EA1DD0C}.Release|Any CPU.ActiveCfg = Release|Any CPU
		{09E9F88E-94E6-421B-8BAF-BB282EA1DD0C}.Release|Any CPU.Build.0 = Release|Any CPU
		{170FA6C8-E26A-4412-AC0D-BE004DE3DEBC}.Debug|Any CPU.ActiveCfg = Debug|Any CPU
		{170FA6C8-E26A-4412-AC0D-BE004DE3DEBC}.Debug|Any CPU.Build.0 = Debug|Any CPU
		{170FA6C8-E26A-4412-AC0D-BE004DE3DEBC}.Release|Any CPU.ActiveCfg = Release|Any CPU
		{170FA6C8-E26A-4412-AC0D-BE004DE3DEBC}.Release|Any CPU.Build.0 = Release|Any CPU
		{2834D98A-64F9-406D-8A7B-53285B5405DE}.Debug|Any CPU.ActiveCfg = Debug|Any CPU
		{2834D98A-64F9-406D-8A7B-53285B5405DE}.Debug|Any CPU.Build.0 = Debug|Any CPU
		{2834D98A-64F9-406D-8A7B-53285B5405DE}.Release|Any CPU.ActiveCfg = Release|Any CPU
		{2834D98A-64F9-406D-8A7B-53285B5405DE}.Release|Any CPU.Build.0 = Release|Any CPU
		{D2B42F60-0EF0-45F4-AE7D-A5768C03FD6B}.Debug|Any CPU.ActiveCfg = Debug|Any CPU
		{D2B42F60-0EF0-45F4-AE7D-A5768C03FD6B}.Debug|Any CPU.Build.0 = Debug|Any CPU
		{D2B42F60-0EF0-45F4-AE7D-A5768C03FD6B}.Release|Any CPU.ActiveCfg = Release|Any CPU
		{D2B42F60-0EF0-45F4-AE7D-A5768C03FD6B}.Release|Any CPU.Build.0 = Release|Any CPU
		{33E69FB9-6768-4973-B8AF-040C69EC683C}.Debug|Any CPU.ActiveCfg = Debug|Any CPU
		{33E69FB9-6768-4973-B8AF-040C69EC683C}.Debug|Any CPU.Build.0 = Debug|Any CPU
		{33E69FB9-6768-4973-B8AF-040C69EC683C}.Release|Any CPU.ActiveCfg = Release|Any CPU
		{33E69FB9-6768-4973-B8AF-040C69EC683C}.Release|Any CPU.Build.0 = Release|Any CPU
		{FEADD29C-4C2F-45D7-AAE5-B7761788E427}.Debug|Any CPU.ActiveCfg = Debug|Any CPU
		{FEADD29C-4C2F-45D7-AAE5-B7761788E427}.Debug|Any CPU.Build.0 = Debug|Any CPU
		{FEADD29C-4C2F-45D7-AAE5-B7761788E427}.Release|Any CPU.ActiveCfg = Release|Any CPU
		{FEADD29C-4C2F-45D7-AAE5-B7761788E427}.Release|Any CPU.Build.0 = Release|Any CPU
		{5DAB848A-E8C7-4830-B693-FD21FD70280E}.Debug|Any CPU.ActiveCfg = Debug|Any CPU
		{5DAB848A-E8C7-4830-B693-FD21FD70280E}.Debug|Any CPU.Build.0 = Debug|Any CPU
		{5DAB848A-E8C7-4830-B693-FD21FD70280E}.Release|Any CPU.ActiveCfg = Release|Any CPU
		{5DAB848A-E8C7-4830-B693-FD21FD70280E}.Release|Any CPU.Build.0 = Release|Any CPU
		{140D9F2C-B9DD-4B7C-9AD4-FFA652BF689E}.Debug|Any CPU.ActiveCfg = Debug|Any CPU
		{140D9F2C-B9DD-4B7C-9AD4-FFA652BF689E}.Debug|Any CPU.Build.0 = Debug|Any CPU
		{140D9F2C-B9DD-4B7C-9AD4-FFA652BF689E}.Release|Any CPU.ActiveCfg = Release|Any CPU
		{140D9F2C-B9DD-4B7C-9AD4-FFA652BF689E}.Release|Any CPU.Build.0 = Release|Any CPU
		{4625B458-3C4F-46DE-A497-2D6B20EDF487}.Debug|Any CPU.ActiveCfg = Debug|Any CPU
		{4625B458-3C4F-46DE-A497-2D6B20EDF487}.Debug|Any CPU.Build.0 = Debug|Any CPU
		{4625B458-3C4F-46DE-A497-2D6B20EDF487}.Release|Any CPU.ActiveCfg = Release|Any CPU
		{4625B458-3C4F-46DE-A497-2D6B20EDF487}.Release|Any CPU.Build.0 = Release|Any CPU
		{671F7190-65AC-496F-8329-76B53FCE911E}.Debug|Any CPU.ActiveCfg = Debug|Any CPU
		{671F7190-65AC-496F-8329-76B53FCE911E}.Debug|Any CPU.Build.0 = Debug|Any CPU
		{671F7190-65AC-496F-8329-76B53FCE911E}.Release|Any CPU.ActiveCfg = Release|Any CPU
		{671F7190-65AC-496F-8329-76B53FCE911E}.Release|Any CPU.Build.0 = Release|Any CPU
		{14B3A2A0-A6FB-4DA5-87E6-5301BD126AB8}.Debug|Any CPU.ActiveCfg = Debug|Any CPU
		{14B3A2A0-A6FB-4DA5-87E6-5301BD126AB8}.Debug|Any CPU.Build.0 = Debug|Any CPU
		{14B3A2A0-A6FB-4DA5-87E6-5301BD126AB8}.Release|Any CPU.ActiveCfg = Release|Any CPU
		{14B3A2A0-A6FB-4DA5-87E6-5301BD126AB8}.Release|Any CPU.Build.0 = Release|Any CPU
		{186BA207-2864-4A42-A0E8-277D02B4B1FD}.Debug|Any CPU.ActiveCfg = Debug|Any CPU
		{186BA207-2864-4A42-A0E8-277D02B4B1FD}.Debug|Any CPU.Build.0 = Debug|Any CPU
		{186BA207-2864-4A42-A0E8-277D02B4B1FD}.Release|Any CPU.ActiveCfg = Release|Any CPU
		{186BA207-2864-4A42-A0E8-277D02B4B1FD}.Release|Any CPU.Build.0 = Release|Any CPU
		{6AF23B73-D3B4-480B-B0E0-5DD8E084508D}.Debug|Any CPU.ActiveCfg = Debug|Any CPU
		{6AF23B73-D3B4-480B-B0E0-5DD8E084508D}.Debug|Any CPU.Build.0 = Debug|Any CPU
		{6AF23B73-D3B4-480B-B0E0-5DD8E084508D}.Release|Any CPU.ActiveCfg = Release|Any CPU
		{6AF23B73-D3B4-480B-B0E0-5DD8E084508D}.Release|Any CPU.Build.0 = Release|Any CPU
		{A16ECF36-DD26-45EC-8C20-9AB44A923684}.Debug|Any CPU.ActiveCfg = Debug|Any CPU
		{A16ECF36-DD26-45EC-8C20-9AB44A923684}.Debug|Any CPU.Build.0 = Debug|Any CPU
		{A16ECF36-DD26-45EC-8C20-9AB44A923684}.Release|Any CPU.ActiveCfg = Release|Any CPU
		{A16ECF36-DD26-45EC-8C20-9AB44A923684}.Release|Any CPU.Build.0 = Release|Any CPU
		{276CCC3E-AC90-406B-A0E8-9B792EFE3705}.Debug|Any CPU.ActiveCfg = Debug|Any CPU
		{276CCC3E-AC90-406B-A0E8-9B792EFE3705}.Debug|Any CPU.Build.0 = Debug|Any CPU
		{276CCC3E-AC90-406B-A0E8-9B792EFE3705}.Release|Any CPU.ActiveCfg = Release|Any CPU
		{276CCC3E-AC90-406B-A0E8-9B792EFE3705}.Release|Any CPU.Build.0 = Release|Any CPU
		{FE7F1E13-06EF-40A6-9B96-EF4F14F58F73}.Debug|Any CPU.ActiveCfg = Debug|Any CPU
		{FE7F1E13-06EF-40A6-9B96-EF4F14F58F73}.Debug|Any CPU.Build.0 = Debug|Any CPU
		{FE7F1E13-06EF-40A6-9B96-EF4F14F58F73}.Release|Any CPU.ActiveCfg = Release|Any CPU
		{FE7F1E13-06EF-40A6-9B96-EF4F14F58F73}.Release|Any CPU.Build.0 = Release|Any CPU
		{E576F54C-8600-41C2-AB0A-C06F7901FE2B}.Debug|Any CPU.ActiveCfg = Debug|Any CPU
		{E576F54C-8600-41C2-AB0A-C06F7901FE2B}.Debug|Any CPU.Build.0 = Debug|Any CPU
		{E576F54C-8600-41C2-AB0A-C06F7901FE2B}.Release|Any CPU.ActiveCfg = Release|Any CPU
		{E576F54C-8600-41C2-AB0A-C06F7901FE2B}.Release|Any CPU.Build.0 = Release|Any CPU
		{F2E53220-1AB1-47AA-B858-9F7CC70C8FC5}.Debug|Any CPU.ActiveCfg = Debug|Any CPU
		{F2E53220-1AB1-47AA-B858-9F7CC70C8FC5}.Debug|Any CPU.Build.0 = Debug|Any CPU
		{F2E53220-1AB1-47AA-B858-9F7CC70C8FC5}.Release|Any CPU.ActiveCfg = Release|Any CPU
		{F2E53220-1AB1-47AA-B858-9F7CC70C8FC5}.Release|Any CPU.Build.0 = Release|Any CPU
		{6CAE6A6C-898B-466C-872D-3C58C3F8F08F}.Debug|Any CPU.ActiveCfg = Debug|Any CPU
		{6CAE6A6C-898B-466C-872D-3C58C3F8F08F}.Debug|Any CPU.Build.0 = Debug|Any CPU
		{6CAE6A6C-898B-466C-872D-3C58C3F8F08F}.Release|Any CPU.ActiveCfg = Release|Any CPU
		{6CAE6A6C-898B-466C-872D-3C58C3F8F08F}.Release|Any CPU.Build.0 = Release|Any CPU
		{D165255B-ED0C-47AD-967C-1AE1150A33B3}.Debug|Any CPU.ActiveCfg = Debug|Any CPU
		{D165255B-ED0C-47AD-967C-1AE1150A33B3}.Debug|Any CPU.Build.0 = Debug|Any CPU
		{D165255B-ED0C-47AD-967C-1AE1150A33B3}.Release|Any CPU.ActiveCfg = Release|Any CPU
		{D165255B-ED0C-47AD-967C-1AE1150A33B3}.Release|Any CPU.Build.0 = Release|Any CPU
		{9905BE6F-8B8E-4D17-BE0A-D39CBE9E823E}.Debug|Any CPU.ActiveCfg = Debug|Any CPU
		{9905BE6F-8B8E-4D17-BE0A-D39CBE9E823E}.Debug|Any CPU.Build.0 = Debug|Any CPU
		{9905BE6F-8B8E-4D17-BE0A-D39CBE9E823E}.Release|Any CPU.ActiveCfg = Release|Any CPU
		{9905BE6F-8B8E-4D17-BE0A-D39CBE9E823E}.Release|Any CPU.Build.0 = Release|Any CPU
		{0C9E044A-896F-4952-932B-7AEE4BE47F50}.Debug|Any CPU.ActiveCfg = Debug|Any CPU
		{0C9E044A-896F-4952-932B-7AEE4BE47F50}.Debug|Any CPU.Build.0 = Debug|Any CPU
		{0C9E044A-896F-4952-932B-7AEE4BE47F50}.Release|Any CPU.ActiveCfg = Release|Any CPU
		{0C9E044A-896F-4952-932B-7AEE4BE47F50}.Release|Any CPU.Build.0 = Release|Any CPU
		{08259071-84C0-45BE-92FD-55600B70AAC7}.Debug|Any CPU.ActiveCfg = Debug|Any CPU
		{08259071-84C0-45BE-92FD-55600B70AAC7}.Debug|Any CPU.Build.0 = Debug|Any CPU
		{08259071-84C0-45BE-92FD-55600B70AAC7}.Release|Any CPU.ActiveCfg = Release|Any CPU
		{08259071-84C0-45BE-92FD-55600B70AAC7}.Release|Any CPU.Build.0 = Release|Any CPU
		{1669E6CA-9B8C-4F6F-B2C0-2442A0F4FCDC}.Debug|Any CPU.ActiveCfg = Debug|Any CPU
		{1669E6CA-9B8C-4F6F-B2C0-2442A0F4FCDC}.Debug|Any CPU.Build.0 = Debug|Any CPU
		{1669E6CA-9B8C-4F6F-B2C0-2442A0F4FCDC}.Release|Any CPU.ActiveCfg = Release|Any CPU
		{1669E6CA-9B8C-4F6F-B2C0-2442A0F4FCDC}.Release|Any CPU.Build.0 = Release|Any CPU
		{63520982-E71B-4C1B-9959-7F33A08CD45F}.Debug|Any CPU.ActiveCfg = Debug|Any CPU
		{63520982-E71B-4C1B-9959-7F33A08CD45F}.Debug|Any CPU.Build.0 = Debug|Any CPU
		{63520982-E71B-4C1B-9959-7F33A08CD45F}.Release|Any CPU.ActiveCfg = Release|Any CPU
		{63520982-E71B-4C1B-9959-7F33A08CD45F}.Release|Any CPU.Build.0 = Release|Any CPU
	EndGlobalSection
	GlobalSection(SolutionProperties) = preSolution
		HideSolutionNode = FALSE
	EndGlobalSection
EndGlobal
