
Microsoft Visual Studio Solution File, Format Version 12.00
# Visual Studio 2012
Project("{FAE04EC0-301F-11D3-BF4B-00C04F79EFBC}") = "Task1", "Task1\Task1.csproj", "{297EB852-AF9A-4ED4-B272-5322B36E18CB}"
EndProject
Project("{FAE04EC0-301F-11D3-BF4B-00C04F79EFBC}") = "Task2", "Task2\Task2.csproj", "{D29474F1-76E5-43C6-B9ED-39AB3C95F333}"
EndProject
Project("{FAE04EC0-301F-11D3-BF4B-00C04F79EFBC}") = "Task3", "Task3\Task3.csproj", "{D331CCF3-4FF1-41BB-9C86-0B2497CEAFA5}"
EndProject
Project("{FAE04EC0-301F-11D3-BF4B-00C04F79EFBC}") = "Task4", "Task4\Task4.csproj", "{5590D824-F252-4173-99D8-E50246CF5AD5}"
EndProject
Project("{FAE04EC0-301F-11D3-BF4B-00C04F79EFBC}") = "Task5", "Task5\Task5.csproj", "{9F43F890-5C68-4DC7-B539-0BD2CC986AC2}"
EndProject
Project("{FAE04EC0-301F-11D3-BF4B-00C04F79EFBC}") = "Task6", "Task6\Task6.csproj", "{7F85348D-123F-45B2-AFDA-3F7D8C7522DF}"
EndProject
Project("{FAE04EC0-301F-11D3-BF4B-00C04F79EFBC}") = "Task7", "Task7\Task7.csproj", "{4D8C384E-03ED-439E-854A-AE2C1335004A}"
EndProject
Project("{FAE04EC0-301F-11D3-BF4B-00C04F79EFBC}") = "Task8", "Task8\Task8.csproj", "{8FC4C4CE-6879-48A5-8342-2B820E6F7E09}"
EndProject
Project("{FAE04EC0-301F-11D3-BF4B-00C04F79EFBC}") = "Task9", "Task9\Task9.csproj", "{AFDADB02-7034-485E-ACAE-51A450601543}"
EndProject
Project("{FAE04EC0-301F-11D3-BF4B-00C04F79EFBC}") = "Task10", "Task10\Task10.csproj", "{F04BA34D-0B1D-48EA-A456-82CF9880AFF6}"
EndProject
Project("{FAE04EC0-301F-11D3-BF4B-00C04F79EFBC}") = "Task11", "Task11\Task11.csproj", "{FB0A561B-E31E-4871-87EF-4ED145D0D553}"
EndProject
Project("{FAE04EC0-301F-11D3-BF4B-00C04F79EFBC}") = "Task12", "Task12\Task12.csproj", "{449BD297-91C1-4572-AF70-B2E99093C27B}"
EndProject
Project("{FAE04EC0-301F-11D3-BF4B-00C04F79EFBC}") = "Task13", "Task13\Task13.csproj", "{081900DB-F463-443F-903A-491AC495A92A}"
EndProject
Global
	GlobalSection(SolutionConfigurationPlatforms) = preSolution
		Debug|Any CPU = Debug|Any CPU
		Release|Any CPU = Release|Any CPU
	EndGlobalSection
	GlobalSection(ProjectConfigurationPlatforms) = postSolution
		{297EB852-AF9A-4ED4-B272-5322B36E18CB}.Debug|Any CPU.ActiveCfg = Debug|Any CPU
		{297EB852-AF9A-4ED4-B272-5322B36E18CB}.Debug|Any CPU.Build.0 = Debug|Any CPU
		{297EB852-AF9A-4ED4-B272-5322B36E18CB}.Release|Any CPU.ActiveCfg = Release|Any CPU
		{297EB852-AF9A-4ED4-B272-5322B36E18CB}.Release|Any CPU.Build.0 = Release|Any CPU
		{D29474F1-76E5-43C6-B9ED-39AB3C95F333}.Debug|Any CPU.ActiveCfg = Debug|Any CPU
		{D29474F1-76E5-43C6-B9ED-39AB3C95F333}.Debug|Any CPU.Build.0 = Debug|Any CPU
		{D29474F1-76E5-43C6-B9ED-39AB3C95F333}.Release|Any CPU.ActiveCfg = Release|Any CPU
		{D29474F1-76E5-43C6-B9ED-39AB3C95F333}.Release|Any CPU.Build.0 = Release|Any CPU
		{D331CCF3-4FF1-41BB-9C86-0B2497CEAFA5}.Debug|Any CPU.ActiveCfg = Debug|Any CPU
		{D331CCF3-4FF1-41BB-9C86-0B2497CEAFA5}.Debug|Any CPU.Build.0 = Debug|Any CPU
		{D331CCF3-4FF1-41BB-9C86-0B2497CEAFA5}.Release|Any CPU.ActiveCfg = Release|Any CPU
		{D331CCF3-4FF1-41BB-9C86-0B2497CEAFA5}.Release|Any CPU.Build.0 = Release|Any CPU
		{5590D824-F252-4173-99D8-E50246CF5AD5}.Debug|Any CPU.ActiveCfg = Debug|Any CPU
		{5590D824-F252-4173-99D8-E50246CF5AD5}.Debug|Any CPU.Build.0 = Debug|Any CPU
		{5590D824-F252-4173-99D8-E50246CF5AD5}.Release|Any CPU.ActiveCfg = Release|Any CPU
		{5590D824-F252-4173-99D8-E50246CF5AD5}.Release|Any CPU.Build.0 = Release|Any CPU
		{9F43F890-5C68-4DC7-B539-0BD2CC986AC2}.Debug|Any CPU.ActiveCfg = Debug|Any CPU
		{9F43F890-5C68-4DC7-B539-0BD2CC986AC2}.Debug|Any CPU.Build.0 = Debug|Any CPU
		{9F43F890-5C68-4DC7-B539-0BD2CC986AC2}.Release|Any CPU.ActiveCfg = Release|Any CPU
		{9F43F890-5C68-4DC7-B539-0BD2CC986AC2}.Release|Any CPU.Build.0 = Release|Any CPU
		{7F85348D-123F-45B2-AFDA-3F7D8C7522DF}.Debug|Any CPU.ActiveCfg = Debug|Any CPU
		{7F85348D-123F-45B2-AFDA-3F7D8C7522DF}.Debug|Any CPU.Build.0 = Debug|Any CPU
		{7F85348D-123F-45B2-AFDA-3F7D8C7522DF}.Release|Any CPU.ActiveCfg = Release|Any CPU
		{7F85348D-123F-45B2-AFDA-3F7D8C7522DF}.Release|Any CPU.Build.0 = Release|Any CPU
		{4D8C384E-03ED-439E-854A-AE2C1335004A}.Debug|Any CPU.ActiveCfg = Debug|Any CPU
		{4D8C384E-03ED-439E-854A-AE2C1335004A}.Debug|Any CPU.Build.0 = Debug|Any CPU
		{4D8C384E-03ED-439E-854A-AE2C1335004A}.Release|Any CPU.ActiveCfg = Release|Any CPU
		{4D8C384E-03ED-439E-854A-AE2C1335004A}.Release|Any CPU.Build.0 = Release|Any CPU
		{8FC4C4CE-6879-48A5-8342-2B820E6F7E09}.Debug|Any CPU.ActiveCfg = Debug|Any CPU
		{8FC4C4CE-6879-48A5-8342-2B820E6F7E09}.Debug|Any CPU.Build.0 = Debug|Any CPU
		{8FC4C4CE-6879-48A5-8342-2B820E6F7E09}.Release|Any CPU.ActiveCfg = Release|Any CPU
		{8FC4C4CE-6879-48A5-8342-2B820E6F7E09}.Release|Any CPU.Build.0 = Release|Any CPU
		{AFDADB02-7034-485E-ACAE-51A450601543}.Debug|Any CPU.ActiveCfg = Debug|Any CPU
		{AFDADB02-7034-485E-ACAE-51A450601543}.Debug|Any CPU.Build.0 = Debug|Any CPU
		{AFDADB02-7034-485E-ACAE-51A450601543}.Release|Any CPU.ActiveCfg = Release|Any CPU
		{AFDADB02-7034-485E-ACAE-51A450601543}.Release|Any CPU.Build.0 = Release|Any CPU
		{F04BA34D-0B1D-48EA-A456-82CF9880AFF6}.Debug|Any CPU.ActiveCfg = Debug|Any CPU
		{F04BA34D-0B1D-48EA-A456-82CF9880AFF6}.Debug|Any CPU.Build.0 = Debug|Any CPU
		{F04BA34D-0B1D-48EA-A456-82CF9880AFF6}.Release|Any CPU.ActiveCfg = Release|Any CPU
		{F04BA34D-0B1D-48EA-A456-82CF9880AFF6}.Release|Any CPU.Build.0 = Release|Any CPU
		{FB0A561B-E31E-4871-87EF-4ED145D0D553}.Debug|Any CPU.ActiveCfg = Debug|Any CPU
		{FB0A561B-E31E-4871-87EF-4ED145D0D553}.Debug|Any CPU.Build.0 = Debug|Any CPU
		{FB0A561B-E31E-4871-87EF-4ED145D0D553}.Release|Any CPU.ActiveCfg = Release|Any CPU
		{FB0A561B-E31E-4871-87EF-4ED145D0D553}.Release|Any CPU.Build.0 = Release|Any CPU
		{449BD297-91C1-4572-AF70-B2E99093C27B}.Debug|Any CPU.ActiveCfg = Debug|Any CPU
		{449BD297-91C1-4572-AF70-B2E99093C27B}.Debug|Any CPU.Build.0 = Debug|Any CPU
		{449BD297-91C1-4572-AF70-B2E99093C27B}.Release|Any CPU.ActiveCfg = Release|Any CPU
		{449BD297-91C1-4572-AF70-B2E99093C27B}.Release|Any CPU.Build.0 = Release|Any CPU
		{081900DB-F463-443F-903A-491AC495A92A}.Debug|Any CPU.ActiveCfg = Debug|Any CPU
		{081900DB-F463-443F-903A-491AC495A92A}.Debug|Any CPU.Build.0 = Debug|Any CPU
		{081900DB-F463-443F-903A-491AC495A92A}.Release|Any CPU.ActiveCfg = Release|Any CPU
		{081900DB-F463-443F-903A-491AC495A92A}.Release|Any CPU.Build.0 = Release|Any CPU
	EndGlobalSection
	GlobalSection(SolutionProperties) = preSolution
		HideSolutionNode = FALSE
	EndGlobalSection
EndGlobal
