
Microsoft Visual Studio Solution File, Format Version 12.00
# Visual Studio 2012
Project("{FAE04EC0-301F-11D3-BF4B-00C04F79EFBC}") = "Task1", "Task1\Task1.csproj", "{D6F18856-54C3-442B-85E3-43C1B617FAB7}"
EndProject
Project("{FAE04EC0-301F-11D3-BF4B-00C04F79EFBC}") = "Task2", "Task2\Task2.csproj", "{563E0475-2035-4F9E-8461-C4263D9C4C73}"
EndProject
Project("{FAE04EC0-301F-11D3-BF4B-00C04F79EFBC}") = "Task3", "Task3\Task3.csproj", "{0F957E90-0B57-4C9C-ABC4-9C752B1B9483}"
EndProject
Project("{FAE04EC0-301F-11D3-BF4B-00C04F79EFBC}") = "Task4", "Task4\Task4.csproj", "{8509043B-E93E-47B2-ABB1-B5C7D1792875}"
EndProject
Project("{FAE04EC0-301F-11D3-BF4B-00C04F79EFBC}") = "Task5", "Task5\Task5.csproj", "{1EB1FF40-6608-4AEB-B6A9-A60CD53E1830}"
EndProject
Project("{FAE04EC0-301F-11D3-BF4B-00C04F79EFBC}") = "Task6", "Task6\Task6.csproj", "{7337B67B-6586-4D15-8D21-CD9EA835C907}"
EndProject
Project("{FAE04EC0-301F-11D3-BF4B-00C04F79EFBC}") = "Task11", "Task11\Task11.csproj", "{9F835211-3578-4E32-AD97-252A3B970662}"
EndProject
Project("{FAE04EC0-301F-11D3-BF4B-00C04F79EFBC}") = "Task7", "Task7\Task7.csproj", "{DAE15E86-58E1-4F52-BB7C-23B9D4E1924C}"
EndProject
Project("{FAE04EC0-301F-11D3-BF4B-00C04F79EFBC}") = "Task8", "Task8\Task8.csproj", "{0DCF6012-7658-40A0-9F0E-F43CD679AC72}"
EndProject
Project("{FAE04EC0-301F-11D3-BF4B-00C04F79EFBC}") = "Task9", "Task9\Task9.csproj", "{BB12F698-6466-43C0-A418-A7CAE9E166D7}"
EndProject
Project("{FAE04EC0-301F-11D3-BF4B-00C04F79EFBC}") = "Task10", "Task10\Task10.csproj", "{0034CC26-97F6-4DF9-BC24-972CA6730A05}"
EndProject
Project("{FAE04EC0-301F-11D3-BF4B-00C04F79EFBC}") = "Task13", "Task13\Task13.csproj", "{EAAB1490-6845-49CE-9822-CADC0A65DC8B}"
EndProject
Project("{FAE04EC0-301F-11D3-BF4B-00C04F79EFBC}") = "Task14", "Task14\Task14.csproj", "{33FC77E6-3787-4CA5-8D77-78249DC3C631}"
EndProject
Project("{FAE04EC0-301F-11D3-BF4B-00C04F79EFBC}") = "Task15", "Task15\Task15.csproj", "{EA6A2D54-04F3-4670-8286-78D9AE4C1D65}"
EndProject
Project("{FAE04EC0-301F-11D3-BF4B-00C04F79EFBC}") = "Task16", "Task16\Task16.csproj", "{F4C527ED-A89C-4046-A2A6-33D462FF7182}"
EndProject
Project("{FAE04EC0-301F-11D3-BF4B-00C04F79EFBC}") = "Task17", "Task17\Task17.csproj", "{F0778919-92FC-4E87-84FA-24102B1EA339}"
EndProject
Project("{FAE04EC0-301F-11D3-BF4B-00C04F79EFBC}") = "Task18", "Task18\Task18.csproj", "{3C4F3683-82B8-4E19-AE84-9922270707EF}"
EndProject
Project("{FAE04EC0-301F-11D3-BF4B-00C04F79EFBC}") = "Task27", "Task27\Task27.csproj", "{479062A6-BFAF-45A1-AB8E-FF4222A2EAAD}"
EndProject
Project("{FAE04EC0-301F-11D3-BF4B-00C04F79EFBC}") = "Task28", "Task28\Task28.csproj", "{58C53343-AF73-4526-863D-35E779AE9564}"
EndProject
Project("{FAE04EC0-301F-11D3-BF4B-00C04F79EFBC}") = "Task29", "Task29\Task29.csproj", "{9FB14A2E-4417-4001-B7FA-9EF756FB928D}"
EndProject
Project("{FAE04EC0-301F-11D3-BF4B-00C04F79EFBC}") = "Task30", "Task30\Task30.csproj", "{A400A7BD-8FF6-4BC3-8C39-9D1BADCB8D0E}"
EndProject
Project("{FAE04EC0-301F-11D3-BF4B-00C04F79EFBC}") = "Task31", "Task31\Task31.csproj", "{BDC4A342-FE20-4B25-BEEF-A13698D10ACE}"
EndProject
Project("{FAE04EC0-301F-11D3-BF4B-00C04F79EFBC}") = "Task12", "Task12\Task12.csproj", "{E232AAFD-D939-4014-BDB2-EDB9F45FE03A}"
EndProject
Project("{FAE04EC0-301F-11D3-BF4B-00C04F79EFBC}") = "Task32", "Task32\Task32.csproj", "{01F6116A-D146-4B73-896F-8C7AC48E17C5}"
EndProject
Project("{FAE04EC0-301F-11D3-BF4B-00C04F79EFBC}") = "Task33", "Task33\Task33.csproj", "{7D330516-52F7-4F1A-AA60-806087B2580C}"
EndProject
Project("{FAE04EC0-301F-11D3-BF4B-00C04F79EFBC}") = "Task34", "Task34\Task34.csproj", "{38FDEF32-4715-45B1-A24B-E780E73BCE5E}"
EndProject
Project("{FAE04EC0-301F-11D3-BF4B-00C04F79EFBC}") = "Task19", "Task19\Task19.csproj", "{D1DF9959-BC0D-4FCE-AA08-B95B64A4D422}"
EndProject
Project("{FAE04EC0-301F-11D3-BF4B-00C04F79EFBC}") = "Task20", "Task20\Task20.csproj", "{FE2DB455-3563-4ED8-8C29-68F9C3F7DF05}"
EndProject
Project("{FAE04EC0-301F-11D3-BF4B-00C04F79EFBC}") = "Task21", "Task21\Task21.csproj", "{133EBF87-A21F-4AAC-9579-32744F7E12DF}"
EndProject
Project("{FAE04EC0-301F-11D3-BF4B-00C04F79EFBC}") = "Task22", "Task22\Task22.csproj", "{DFDFE14A-BB03-499E-8108-E7E07746FF05}"
EndProject
Project("{FAE04EC0-301F-11D3-BF4B-00C04F79EFBC}") = "Task23", "Task23\Task23.csproj", "{F5CCA2A6-D30F-44B1-BB6F-AD362F1D036E}"
EndProject
Project("{FAE04EC0-301F-11D3-BF4B-00C04F79EFBC}") = "Task24", "Task24\Task24.csproj", "{0B1A0B2F-A584-4A9C-A5B1-CAD962F3C07E}"
EndProject
Project("{FAE04EC0-301F-11D3-BF4B-00C04F79EFBC}") = "Task25", "Task25\Task25.csproj", "{87AC026F-5784-4C72-9DAC-08792EA61D47}"
EndProject
Project("{FAE04EC0-301F-11D3-BF4B-00C04F79EFBC}") = "Task26", "Task26\Task26.csproj", "{4E5150CC-0E2B-45C5-88C5-B02688D92B3A}"
EndProject
Global
	GlobalSection(SolutionConfigurationPlatforms) = preSolution
		Debug|Any CPU = Debug|Any CPU
		Release|Any CPU = Release|Any CPU
	EndGlobalSection
	GlobalSection(ProjectConfigurationPlatforms) = postSolution
		{D6F18856-54C3-442B-85E3-43C1B617FAB7}.Debug|Any CPU.ActiveCfg = Debug|Any CPU
		{D6F18856-54C3-442B-85E3-43C1B617FAB7}.Debug|Any CPU.Build.0 = Debug|Any CPU
		{D6F18856-54C3-442B-85E3-43C1B617FAB7}.Release|Any CPU.ActiveCfg = Release|Any CPU
		{D6F18856-54C3-442B-85E3-43C1B617FAB7}.Release|Any CPU.Build.0 = Release|Any CPU
		{563E0475-2035-4F9E-8461-C4263D9C4C73}.Debug|Any CPU.ActiveCfg = Debug|Any CPU
		{563E0475-2035-4F9E-8461-C4263D9C4C73}.Debug|Any CPU.Build.0 = Debug|Any CPU
		{563E0475-2035-4F9E-8461-C4263D9C4C73}.Release|Any CPU.ActiveCfg = Release|Any CPU
		{563E0475-2035-4F9E-8461-C4263D9C4C73}.Release|Any CPU.Build.0 = Release|Any CPU
		{0F957E90-0B57-4C9C-ABC4-9C752B1B9483}.Debug|Any CPU.ActiveCfg = Debug|Any CPU
		{0F957E90-0B57-4C9C-ABC4-9C752B1B9483}.Debug|Any CPU.Build.0 = Debug|Any CPU
		{0F957E90-0B57-4C9C-ABC4-9C752B1B9483}.Release|Any CPU.ActiveCfg = Release|Any CPU
		{0F957E90-0B57-4C9C-ABC4-9C752B1B9483}.Release|Any CPU.Build.0 = Release|Any CPU
		{8509043B-E93E-47B2-ABB1-B5C7D1792875}.Debug|Any CPU.ActiveCfg = Debug|Any CPU
		{8509043B-E93E-47B2-ABB1-B5C7D1792875}.Debug|Any CPU.Build.0 = Debug|Any CPU
		{8509043B-E93E-47B2-ABB1-B5C7D1792875}.Release|Any CPU.ActiveCfg = Release|Any CPU
		{8509043B-E93E-47B2-ABB1-B5C7D1792875}.Release|Any CPU.Build.0 = Release|Any CPU
		{1EB1FF40-6608-4AEB-B6A9-A60CD53E1830}.Debug|Any CPU.ActiveCfg = Debug|Any CPU
		{1EB1FF40-6608-4AEB-B6A9-A60CD53E1830}.Debug|Any CPU.Build.0 = Debug|Any CPU
		{1EB1FF40-6608-4AEB-B6A9-A60CD53E1830}.Release|Any CPU.ActiveCfg = Release|Any CPU
		{1EB1FF40-6608-4AEB-B6A9-A60CD53E1830}.Release|Any CPU.Build.0 = Release|Any CPU
		{7337B67B-6586-4D15-8D21-CD9EA835C907}.Debug|Any CPU.ActiveCfg = Debug|Any CPU
		{7337B67B-6586-4D15-8D21-CD9EA835C907}.Debug|Any CPU.Build.0 = Debug|Any CPU
		{7337B67B-6586-4D15-8D21-CD9EA835C907}.Release|Any CPU.ActiveCfg = Release|Any CPU
		{7337B67B-6586-4D15-8D21-CD9EA835C907}.Release|Any CPU.Build.0 = Release|Any CPU
		{9F835211-3578-4E32-AD97-252A3B970662}.Debug|Any CPU.ActiveCfg = Debug|Any CPU
		{9F835211-3578-4E32-AD97-252A3B970662}.Debug|Any CPU.Build.0 = Debug|Any CPU
		{9F835211-3578-4E32-AD97-252A3B970662}.Release|Any CPU.ActiveCfg = Release|Any CPU
		{9F835211-3578-4E32-AD97-252A3B970662}.Release|Any CPU.Build.0 = Release|Any CPU
		{DAE15E86-58E1-4F52-BB7C-23B9D4E1924C}.Debug|Any CPU.ActiveCfg = Debug|Any CPU
		{DAE15E86-58E1-4F52-BB7C-23B9D4E1924C}.Debug|Any CPU.Build.0 = Debug|Any CPU
		{DAE15E86-58E1-4F52-BB7C-23B9D4E1924C}.Release|Any CPU.ActiveCfg = Release|Any CPU
		{DAE15E86-58E1-4F52-BB7C-23B9D4E1924C}.Release|Any CPU.Build.0 = Release|Any CPU
		{0DCF6012-7658-40A0-9F0E-F43CD679AC72}.Debug|Any CPU.ActiveCfg = Debug|Any CPU
		{0DCF6012-7658-40A0-9F0E-F43CD679AC72}.Debug|Any CPU.Build.0 = Debug|Any CPU
		{0DCF6012-7658-40A0-9F0E-F43CD679AC72}.Release|Any CPU.ActiveCfg = Release|Any CPU
		{0DCF6012-7658-40A0-9F0E-F43CD679AC72}.Release|Any CPU.Build.0 = Release|Any CPU
		{BB12F698-6466-43C0-A418-A7CAE9E166D7}.Debug|Any CPU.ActiveCfg = Debug|Any CPU
		{BB12F698-6466-43C0-A418-A7CAE9E166D7}.Debug|Any CPU.Build.0 = Debug|Any CPU
		{BB12F698-6466-43C0-A418-A7CAE9E166D7}.Release|Any CPU.ActiveCfg = Release|Any CPU
		{BB12F698-6466-43C0-A418-A7CAE9E166D7}.Release|Any CPU.Build.0 = Release|Any CPU
		{0034CC26-97F6-4DF9-BC24-972CA6730A05}.Debug|Any CPU.ActiveCfg = Debug|Any CPU
		{0034CC26-97F6-4DF9-BC24-972CA6730A05}.Debug|Any CPU.Build.0 = Debug|Any CPU
		{0034CC26-97F6-4DF9-BC24-972CA6730A05}.Release|Any CPU.ActiveCfg = Release|Any CPU
		{0034CC26-97F6-4DF9-BC24-972CA6730A05}.Release|Any CPU.Build.0 = Release|Any CPU
		{EAAB1490-6845-49CE-9822-CADC0A65DC8B}.Debug|Any CPU.ActiveCfg = Debug|Any CPU
		{EAAB1490-6845-49CE-9822-CADC0A65DC8B}.Debug|Any CPU.Build.0 = Debug|Any CPU
		{EAAB1490-6845-49CE-9822-CADC0A65DC8B}.Release|Any CPU.ActiveCfg = Release|Any CPU
		{EAAB1490-6845-49CE-9822-CADC0A65DC8B}.Release|Any CPU.Build.0 = Release|Any CPU
		{33FC77E6-3787-4CA5-8D77-78249DC3C631}.Debug|Any CPU.ActiveCfg = Debug|Any CPU
		{33FC77E6-3787-4CA5-8D77-78249DC3C631}.Debug|Any CPU.Build.0 = Debug|Any CPU
		{33FC77E6-3787-4CA5-8D77-78249DC3C631}.Release|Any CPU.ActiveCfg = Release|Any CPU
		{33FC77E6-3787-4CA5-8D77-78249DC3C631}.Release|Any CPU.Build.0 = Release|Any CPU
		{EA6A2D54-04F3-4670-8286-78D9AE4C1D65}.Debug|Any CPU.ActiveCfg = Debug|Any CPU
		{EA6A2D54-04F3-4670-8286-78D9AE4C1D65}.Debug|Any CPU.Build.0 = Debug|Any CPU
		{EA6A2D54-04F3-4670-8286-78D9AE4C1D65}.Release|Any CPU.ActiveCfg = Release|Any CPU
		{EA6A2D54-04F3-4670-8286-78D9AE4C1D65}.Release|Any CPU.Build.0 = Release|Any CPU
		{F4C527ED-A89C-4046-A2A6-33D462FF7182}.Debug|Any CPU.ActiveCfg = Debug|Any CPU
		{F4C527ED-A89C-4046-A2A6-33D462FF7182}.Debug|Any CPU.Build.0 = Debug|Any CPU
		{F4C527ED-A89C-4046-A2A6-33D462FF7182}.Release|Any CPU.ActiveCfg = Release|Any CPU
		{F4C527ED-A89C-4046-A2A6-33D462FF7182}.Release|Any CPU.Build.0 = Release|Any CPU
		{F0778919-92FC-4E87-84FA-24102B1EA339}.Debug|Any CPU.ActiveCfg = Debug|Any CPU
		{F0778919-92FC-4E87-84FA-24102B1EA339}.Debug|Any CPU.Build.0 = Debug|Any CPU
		{F0778919-92FC-4E87-84FA-24102B1EA339}.Release|Any CPU.ActiveCfg = Release|Any CPU
		{F0778919-92FC-4E87-84FA-24102B1EA339}.Release|Any CPU.Build.0 = Release|Any CPU
		{3C4F3683-82B8-4E19-AE84-9922270707EF}.Debug|Any CPU.ActiveCfg = Debug|Any CPU
		{3C4F3683-82B8-4E19-AE84-9922270707EF}.Debug|Any CPU.Build.0 = Debug|Any CPU
		{3C4F3683-82B8-4E19-AE84-9922270707EF}.Release|Any CPU.ActiveCfg = Release|Any CPU
		{3C4F3683-82B8-4E19-AE84-9922270707EF}.Release|Any CPU.Build.0 = Release|Any CPU
		{479062A6-BFAF-45A1-AB8E-FF4222A2EAAD}.Debug|Any CPU.ActiveCfg = Debug|Any CPU
		{479062A6-BFAF-45A1-AB8E-FF4222A2EAAD}.Debug|Any CPU.Build.0 = Debug|Any CPU
		{479062A6-BFAF-45A1-AB8E-FF4222A2EAAD}.Release|Any CPU.ActiveCfg = Release|Any CPU
		{479062A6-BFAF-45A1-AB8E-FF4222A2EAAD}.Release|Any CPU.Build.0 = Release|Any CPU
		{58C53343-AF73-4526-863D-35E779AE9564}.Debug|Any CPU.ActiveCfg = Debug|Any CPU
		{58C53343-AF73-4526-863D-35E779AE9564}.Debug|Any CPU.Build.0 = Debug|Any CPU
		{58C53343-AF73-4526-863D-35E779AE9564}.Release|Any CPU.ActiveCfg = Release|Any CPU
		{58C53343-AF73-4526-863D-35E779AE9564}.Release|Any CPU.Build.0 = Release|Any CPU
		{9FB14A2E-4417-4001-B7FA-9EF756FB928D}.Debug|Any CPU.ActiveCfg = Debug|Any CPU
		{9FB14A2E-4417-4001-B7FA-9EF756FB928D}.Debug|Any CPU.Build.0 = Debug|Any CPU
		{9FB14A2E-4417-4001-B7FA-9EF756FB928D}.Release|Any CPU.ActiveCfg = Release|Any CPU
		{9FB14A2E-4417-4001-B7FA-9EF756FB928D}.Release|Any CPU.Build.0 = Release|Any CPU
		{A400A7BD-8FF6-4BC3-8C39-9D1BADCB8D0E}.Debug|Any CPU.ActiveCfg = Debug|Any CPU
		{A400A7BD-8FF6-4BC3-8C39-9D1BADCB8D0E}.Debug|Any CPU.Build.0 = Debug|Any CPU
		{A400A7BD-8FF6-4BC3-8C39-9D1BADCB8D0E}.Release|Any CPU.ActiveCfg = Release|Any CPU
		{A400A7BD-8FF6-4BC3-8C39-9D1BADCB8D0E}.Release|Any CPU.Build.0 = Release|Any CPU
		{BDC4A342-FE20-4B25-BEEF-A13698D10ACE}.Debug|Any CPU.ActiveCfg = Debug|Any CPU
		{BDC4A342-FE20-4B25-BEEF-A13698D10ACE}.Debug|Any CPU.Build.0 = Debug|Any CPU
		{BDC4A342-FE20-4B25-BEEF-A13698D10ACE}.Release|Any CPU.ActiveCfg = Release|Any CPU
		{BDC4A342-FE20-4B25-BEEF-A13698D10ACE}.Release|Any CPU.Build.0 = Release|Any CPU
		{E232AAFD-D939-4014-BDB2-EDB9F45FE03A}.Debug|Any CPU.ActiveCfg = Debug|Any CPU
		{E232AAFD-D939-4014-BDB2-EDB9F45FE03A}.Debug|Any CPU.Build.0 = Debug|Any CPU
		{E232AAFD-D939-4014-BDB2-EDB9F45FE03A}.Release|Any CPU.ActiveCfg = Release|Any CPU
		{E232AAFD-D939-4014-BDB2-EDB9F45FE03A}.Release|Any CPU.Build.0 = Release|Any CPU
		{01F6116A-D146-4B73-896F-8C7AC48E17C5}.Debug|Any CPU.ActiveCfg = Debug|Any CPU
		{01F6116A-D146-4B73-896F-8C7AC48E17C5}.Debug|Any CPU.Build.0 = Debug|Any CPU
		{01F6116A-D146-4B73-896F-8C7AC48E17C5}.Release|Any CPU.ActiveCfg = Release|Any CPU
		{01F6116A-D146-4B73-896F-8C7AC48E17C5}.Release|Any CPU.Build.0 = Release|Any CPU
		{7D330516-52F7-4F1A-AA60-806087B2580C}.Debug|Any CPU.ActiveCfg = Debug|Any CPU
		{7D330516-52F7-4F1A-AA60-806087B2580C}.Debug|Any CPU.Build.0 = Debug|Any CPU
		{7D330516-52F7-4F1A-AA60-806087B2580C}.Release|Any CPU.ActiveCfg = Release|Any CPU
		{7D330516-52F7-4F1A-AA60-806087B2580C}.Release|Any CPU.Build.0 = Release|Any CPU
		{38FDEF32-4715-45B1-A24B-E780E73BCE5E}.Debug|Any CPU.ActiveCfg = Debug|Any CPU
		{38FDEF32-4715-45B1-A24B-E780E73BCE5E}.Debug|Any CPU.Build.0 = Debug|Any CPU
		{38FDEF32-4715-45B1-A24B-E780E73BCE5E}.Release|Any CPU.ActiveCfg = Release|Any CPU
		{38FDEF32-4715-45B1-A24B-E780E73BCE5E}.Release|Any CPU.Build.0 = Release|Any CPU
		{D1DF9959-BC0D-4FCE-AA08-B95B64A4D422}.Debug|Any CPU.ActiveCfg = Debug|Any CPU
		{D1DF9959-BC0D-4FCE-AA08-B95B64A4D422}.Debug|Any CPU.Build.0 = Debug|Any CPU
		{D1DF9959-BC0D-4FCE-AA08-B95B64A4D422}.Release|Any CPU.ActiveCfg = Release|Any CPU
		{D1DF9959-BC0D-4FCE-AA08-B95B64A4D422}.Release|Any CPU.Build.0 = Release|Any CPU
		{FE2DB455-3563-4ED8-8C29-68F9C3F7DF05}.Debug|Any CPU.ActiveCfg = Debug|Any CPU
		{FE2DB455-3563-4ED8-8C29-68F9C3F7DF05}.Debug|Any CPU.Build.0 = Debug|Any CPU
		{FE2DB455-3563-4ED8-8C29-68F9C3F7DF05}.Release|Any CPU.ActiveCfg = Release|Any CPU
		{FE2DB455-3563-4ED8-8C29-68F9C3F7DF05}.Release|Any CPU.Build.0 = Release|Any CPU
		{133EBF87-A21F-4AAC-9579-32744F7E12DF}.Debug|Any CPU.ActiveCfg = Debug|Any CPU
		{133EBF87-A21F-4AAC-9579-32744F7E12DF}.Debug|Any CPU.Build.0 = Debug|Any CPU
		{133EBF87-A21F-4AAC-9579-32744F7E12DF}.Release|Any CPU.ActiveCfg = Release|Any CPU
		{133EBF87-A21F-4AAC-9579-32744F7E12DF}.Release|Any CPU.Build.0 = Release|Any CPU
		{DFDFE14A-BB03-499E-8108-E7E07746FF05}.Debug|Any CPU.ActiveCfg = Debug|Any CPU
		{DFDFE14A-BB03-499E-8108-E7E07746FF05}.Debug|Any CPU.Build.0 = Debug|Any CPU
		{DFDFE14A-BB03-499E-8108-E7E07746FF05}.Release|Any CPU.ActiveCfg = Release|Any CPU
		{DFDFE14A-BB03-499E-8108-E7E07746FF05}.Release|Any CPU.Build.0 = Release|Any CPU
		{F5CCA2A6-D30F-44B1-BB6F-AD362F1D036E}.Debug|Any CPU.ActiveCfg = Debug|Any CPU
		{F5CCA2A6-D30F-44B1-BB6F-AD362F1D036E}.Debug|Any CPU.Build.0 = Debug|Any CPU
		{F5CCA2A6-D30F-44B1-BB6F-AD362F1D036E}.Release|Any CPU.ActiveCfg = Release|Any CPU
		{F5CCA2A6-D30F-44B1-BB6F-AD362F1D036E}.Release|Any CPU.Build.0 = Release|Any CPU
		{0B1A0B2F-A584-4A9C-A5B1-CAD962F3C07E}.Debug|Any CPU.ActiveCfg = Debug|Any CPU
		{0B1A0B2F-A584-4A9C-A5B1-CAD962F3C07E}.Debug|Any CPU.Build.0 = Debug|Any CPU
		{0B1A0B2F-A584-4A9C-A5B1-CAD962F3C07E}.Release|Any CPU.ActiveCfg = Release|Any CPU
		{0B1A0B2F-A584-4A9C-A5B1-CAD962F3C07E}.Release|Any CPU.Build.0 = Release|Any CPU
		{87AC026F-5784-4C72-9DAC-08792EA61D47}.Debug|Any CPU.ActiveCfg = Debug|Any CPU
		{87AC026F-5784-4C72-9DAC-08792EA61D47}.Debug|Any CPU.Build.0 = Debug|Any CPU
		{87AC026F-5784-4C72-9DAC-08792EA61D47}.Release|Any CPU.ActiveCfg = Release|Any CPU
		{87AC026F-5784-4C72-9DAC-08792EA61D47}.Release|Any CPU.Build.0 = Release|Any CPU
		{4E5150CC-0E2B-45C5-88C5-B02688D92B3A}.Debug|Any CPU.ActiveCfg = Debug|Any CPU
		{4E5150CC-0E2B-45C5-88C5-B02688D92B3A}.Debug|Any CPU.Build.0 = Debug|Any CPU
		{4E5150CC-0E2B-45C5-88C5-B02688D92B3A}.Release|Any CPU.ActiveCfg = Release|Any CPU
		{4E5150CC-0E2B-45C5-88C5-B02688D92B3A}.Release|Any CPU.Build.0 = Release|Any CPU
	EndGlobalSection
	GlobalSection(SolutionProperties) = preSolution
		HideSolutionNode = FALSE
	EndGlobalSection
EndGlobal
