
Microsoft Visual Studio Solution File, Format Version 12.00
# Visual Studio 2012
Project("{FAE04EC0-301F-11D3-BF4B-00C04F79EFBC}") = "Task1", "Task1\Task1.csproj", "{99240C81-7D87-4203-81E1-A774B97FB02F}"
EndProject
Project("{FAE04EC0-301F-11D3-BF4B-00C04F79EFBC}") = "Task2", "Task2\Task2.csproj", "{D1F7EAC7-B530-4FBE-8E71-D90E1A0EF8F4}"
EndProject
Project("{FAE04EC0-301F-11D3-BF4B-00C04F79EFBC}") = "Task3", "Task3\Task3.csproj", "{6F42D728-2BD8-4B3A-AA2C-2ECE15155DBB}"
EndProject
Project("{FAE04EC0-301F-11D3-BF4B-00C04F79EFBC}") = "Task4", "Task4\Task4.csproj", "{84EAF595-0F64-45B3-8137-D36870397511}"
EndProject
Project("{FAE04EC0-301F-11D3-BF4B-00C04F79EFBC}") = "Task5", "Task5\Task5.csproj", "{A1C91B82-3515-4D8E-AD46-7C81523E1D18}"
EndProject
Project("{FAE04EC0-301F-11D3-BF4B-00C04F79EFBC}") = "Task6", "Task6\Task6.csproj", "{A8BD7325-0E27-4D84-9552-6F8A911B9127}"
EndProject
Project("{FAE04EC0-301F-11D3-BF4B-00C04F79EFBC}") = "Task7", "Task7\Task7.csproj", "{8DB9FC62-369B-4CE8-97CC-2590978448C0}"
EndProject
Project("{FAE04EC0-301F-11D3-BF4B-00C04F79EFBC}") = "Task8", "Task8\Task8.csproj", "{7D5FF22B-4B4B-4CAE-998F-5A9A7D5CB00D}"
EndProject
Project("{FAE04EC0-301F-11D3-BF4B-00C04F79EFBC}") = "Task9", "Task9\Task9.csproj", "{BC79CDCE-2A51-4D61-B82D-F7DF8E200D63}"
EndProject
Project("{FAE04EC0-301F-11D3-BF4B-00C04F79EFBC}") = "Task10", "Task10\Task10.csproj", "{57F4C2E5-30AA-4C06-B1F3-76226A7401D0}"
EndProject
Project("{FAE04EC0-301F-11D3-BF4B-00C04F79EFBC}") = "Task11", "Task11\Task11.csproj", "{F4889637-3374-436C-9917-82498EF4D861}"
EndProject
Project("{FAE04EC0-301F-11D3-BF4B-00C04F79EFBC}") = "Task12", "Task12\Task12.csproj", "{C3A5D337-D1E4-4691-A631-8DF4765820F1}"
EndProject
Project("{FAE04EC0-301F-11D3-BF4B-00C04F79EFBC}") = "Task13", "Task13\Task13.csproj", "{CF0932EE-ECBB-44FE-8B18-51C74AE16DAD}"
EndProject
Project("{FAE04EC0-301F-11D3-BF4B-00C04F79EFBC}") = "Task14", "Task14\Task14.csproj", "{A9015B45-73F1-496F-B4E9-4525BC604C5C}"
EndProject
Project("{FAE04EC0-301F-11D3-BF4B-00C04F79EFBC}") = "Task15", "Task15\Task15.csproj", "{952C5E63-FB24-46F9-901D-07229B7EE7FA}"
EndProject
Project("{FAE04EC0-301F-11D3-BF4B-00C04F79EFBC}") = "Task16", "Task16\Task16.csproj", "{478569A5-DC5F-4323-96DC-F08A48C65D89}"
EndProject
Project("{FAE04EC0-301F-11D3-BF4B-00C04F79EFBC}") = "Task17", "Task17\Task17.csproj", "{EDBE2CA3-BAAC-43ED-8C28-C32BFCB29D6A}"
EndProject
Project("{FAE04EC0-301F-11D3-BF4B-00C04F79EFBC}") = "Task18", "Task18\Task18.csproj", "{BDC6B6F4-EDCB-460F-9027-49626A29D87F}"
EndProject
Project("{FAE04EC0-301F-11D3-BF4B-00C04F79EFBC}") = "Task19", "Task19\Task19.csproj", "{109F9DDA-2A8D-46B3-B027-D1B78BD2FD99}"
EndProject
Project("{FAE04EC0-301F-11D3-BF4B-00C04F79EFBC}") = "Task20", "Task20\Task20.csproj", "{22E8B97C-ACC5-4331-9F8F-FE0508556FA3}"
EndProject
Project("{FAE04EC0-301F-11D3-BF4B-00C04F79EFBC}") = "Task21", "Task21\Task21.csproj", "{A90E728B-9C4B-4BFF-A469-04FD5BCD5FD3}"
EndProject
Project("{FAE04EC0-301F-11D3-BF4B-00C04F79EFBC}") = "Task22", "Task22\Task22.csproj", "{3DA1ADD6-43A7-47CA-AD91-45D6BFE80C7F}"
EndProject
Project("{FAE04EC0-301F-11D3-BF4B-00C04F79EFBC}") = "Task23", "Task23\Task23.csproj", "{15844B6D-2517-4120-A583-41AB6348B7F7}"
EndProject
Project("{FAE04EC0-301F-11D3-BF4B-00C04F79EFBC}") = "Task24", "Task24\Task24.csproj", "{05BD5BFB-73D4-40FC-AF44-5F83F00EF8E7}"
EndProject
Project("{FAE04EC0-301F-11D3-BF4B-00C04F79EFBC}") = "Task25", "Task25\Task25.csproj", "{A9F5184F-9427-458A-AA49-A46B24D059A1}"
EndProject
Project("{FAE04EC0-301F-11D3-BF4B-00C04F79EFBC}") = "Task26", "Task26\Task26.csproj", "{B41990D6-6C6E-44F6-B62A-4363B893AD60}"
EndProject
Project("{FAE04EC0-301F-11D3-BF4B-00C04F79EFBC}") = "Task27", "Task27\Task27.csproj", "{C9C7FD83-19D3-41EE-AEAC-1AB3045A623A}"
EndProject
Project("{FAE04EC0-301F-11D3-BF4B-00C04F79EFBC}") = "Task28", "Task28\Task28.csproj", "{50E5142D-A00B-4A92-AB1A-FF2BE6C92C85}"
EndProject
Project("{FAE04EC0-301F-11D3-BF4B-00C04F79EFBC}") = "Task29", "Task29\Task29.csproj", "{A09363F7-478A-48B7-80E3-96635DE69AD4}"
EndProject
Project("{FAE04EC0-301F-11D3-BF4B-00C04F79EFBC}") = "Task30", "Task30\Task30.csproj", "{4246FD13-6C47-4BE1-B142-70DB6353AF95}"
EndProject
Project("{FAE04EC0-301F-11D3-BF4B-00C04F79EFBC}") = "Task31", "Task31\Task31.csproj", "{ABE9250D-552F-4D5D-A135-FEF166ED0B87}"
EndProject
Project("{FAE04EC0-301F-11D3-BF4B-00C04F79EFBC}") = "Task32", "Task32\Task32.csproj", "{E308C36C-30AA-495D-ACDC-64E3CCCC88CE}"
EndProject
Project("{FAE04EC0-301F-11D3-BF4B-00C04F79EFBC}") = "Task33", "Task33\Task33.csproj", "{2D22D5D0-F5D1-4B55-994E-EE3A11AFD274}"
EndProject
Project("{FAE04EC0-301F-11D3-BF4B-00C04F79EFBC}") = "Task34", "Task34\Task34.csproj", "{B721714D-5CB8-45E6-8339-3367C77CE28E}"
EndProject
Project("{FAE04EC0-301F-11D3-BF4B-00C04F79EFBC}") = "Task35", "Task35\Task35.csproj", "{6C205697-01FA-4E7B-8933-AEC43AF718B4}"
EndProject
Project("{FAE04EC0-301F-11D3-BF4B-00C04F79EFBC}") = "Task36", "Task36\Task36.csproj", "{C6DD4C5A-AFD4-4254-A809-365E3A83B114}"
EndProject
Project("{FAE04EC0-301F-11D3-BF4B-00C04F79EFBC}") = "Task37", "Task37\Task37.csproj", "{724EAA30-6001-4757-9583-719A05C9F4D6}"
EndProject
Global
	GlobalSection(SolutionConfigurationPlatforms) = preSolution
		Debug|Any CPU = Debug|Any CPU
		Release|Any CPU = Release|Any CPU
	EndGlobalSection
	GlobalSection(ProjectConfigurationPlatforms) = postSolution
		{99240C81-7D87-4203-81E1-A774B97FB02F}.Debug|Any CPU.ActiveCfg = Debug|Any CPU
		{99240C81-7D87-4203-81E1-A774B97FB02F}.Debug|Any CPU.Build.0 = Debug|Any CPU
		{99240C81-7D87-4203-81E1-A774B97FB02F}.Release|Any CPU.ActiveCfg = Release|Any CPU
		{99240C81-7D87-4203-81E1-A774B97FB02F}.Release|Any CPU.Build.0 = Release|Any CPU
		{D1F7EAC7-B530-4FBE-8E71-D90E1A0EF8F4}.Debug|Any CPU.ActiveCfg = Debug|Any CPU
		{D1F7EAC7-B530-4FBE-8E71-D90E1A0EF8F4}.Debug|Any CPU.Build.0 = Debug|Any CPU
		{D1F7EAC7-B530-4FBE-8E71-D90E1A0EF8F4}.Release|Any CPU.ActiveCfg = Release|Any CPU
		{D1F7EAC7-B530-4FBE-8E71-D90E1A0EF8F4}.Release|Any CPU.Build.0 = Release|Any CPU
		{6F42D728-2BD8-4B3A-AA2C-2ECE15155DBB}.Debug|Any CPU.ActiveCfg = Debug|Any CPU
		{6F42D728-2BD8-4B3A-AA2C-2ECE15155DBB}.Debug|Any CPU.Build.0 = Debug|Any CPU
		{6F42D728-2BD8-4B3A-AA2C-2ECE15155DBB}.Release|Any CPU.ActiveCfg = Release|Any CPU
		{6F42D728-2BD8-4B3A-AA2C-2ECE15155DBB}.Release|Any CPU.Build.0 = Release|Any CPU
		{84EAF595-0F64-45B3-8137-D36870397511}.Debug|Any CPU.ActiveCfg = Debug|Any CPU
		{84EAF595-0F64-45B3-8137-D36870397511}.Debug|Any CPU.Build.0 = Debug|Any CPU
		{84EAF595-0F64-45B3-8137-D36870397511}.Release|Any CPU.ActiveCfg = Release|Any CPU
		{84EAF595-0F64-45B3-8137-D36870397511}.Release|Any CPU.Build.0 = Release|Any CPU
		{A1C91B82-3515-4D8E-AD46-7C81523E1D18}.Debug|Any CPU.ActiveCfg = Debug|Any CPU
		{A1C91B82-3515-4D8E-AD46-7C81523E1D18}.Debug|Any CPU.Build.0 = Debug|Any CPU
		{A1C91B82-3515-4D8E-AD46-7C81523E1D18}.Release|Any CPU.ActiveCfg = Release|Any CPU
		{A1C91B82-3515-4D8E-AD46-7C81523E1D18}.Release|Any CPU.Build.0 = Release|Any CPU
		{A8BD7325-0E27-4D84-9552-6F8A911B9127}.Debug|Any CPU.ActiveCfg = Debug|Any CPU
		{A8BD7325-0E27-4D84-9552-6F8A911B9127}.Debug|Any CPU.Build.0 = Debug|Any CPU
		{A8BD7325-0E27-4D84-9552-6F8A911B9127}.Release|Any CPU.ActiveCfg = Release|Any CPU
		{A8BD7325-0E27-4D84-9552-6F8A911B9127}.Release|Any CPU.Build.0 = Release|Any CPU
		{8DB9FC62-369B-4CE8-97CC-2590978448C0}.Debug|Any CPU.ActiveCfg = Debug|Any CPU
		{8DB9FC62-369B-4CE8-97CC-2590978448C0}.Debug|Any CPU.Build.0 = Debug|Any CPU
		{8DB9FC62-369B-4CE8-97CC-2590978448C0}.Release|Any CPU.ActiveCfg = Release|Any CPU
		{8DB9FC62-369B-4CE8-97CC-2590978448C0}.Release|Any CPU.Build.0 = Release|Any CPU
		{7D5FF22B-4B4B-4CAE-998F-5A9A7D5CB00D}.Debug|Any CPU.ActiveCfg = Debug|Any CPU
		{7D5FF22B-4B4B-4CAE-998F-5A9A7D5CB00D}.Debug|Any CPU.Build.0 = Debug|Any CPU
		{7D5FF22B-4B4B-4CAE-998F-5A9A7D5CB00D}.Release|Any CPU.ActiveCfg = Release|Any CPU
		{7D5FF22B-4B4B-4CAE-998F-5A9A7D5CB00D}.Release|Any CPU.Build.0 = Release|Any CPU
		{BC79CDCE-2A51-4D61-B82D-F7DF8E200D63}.Debug|Any CPU.ActiveCfg = Debug|Any CPU
		{BC79CDCE-2A51-4D61-B82D-F7DF8E200D63}.Debug|Any CPU.Build.0 = Debug|Any CPU
		{BC79CDCE-2A51-4D61-B82D-F7DF8E200D63}.Release|Any CPU.ActiveCfg = Release|Any CPU
		{BC79CDCE-2A51-4D61-B82D-F7DF8E200D63}.Release|Any CPU.Build.0 = Release|Any CPU
		{57F4C2E5-30AA-4C06-B1F3-76226A7401D0}.Debug|Any CPU.ActiveCfg = Debug|Any CPU
		{57F4C2E5-30AA-4C06-B1F3-76226A7401D0}.Debug|Any CPU.Build.0 = Debug|Any CPU
		{57F4C2E5-30AA-4C06-B1F3-76226A7401D0}.Release|Any CPU.ActiveCfg = Release|Any CPU
		{57F4C2E5-30AA-4C06-B1F3-76226A7401D0}.Release|Any CPU.Build.0 = Release|Any CPU
		{F4889637-3374-436C-9917-82498EF4D861}.Debug|Any CPU.ActiveCfg = Debug|Any CPU
		{F4889637-3374-436C-9917-82498EF4D861}.Debug|Any CPU.Build.0 = Debug|Any CPU
		{F4889637-3374-436C-9917-82498EF4D861}.Release|Any CPU.ActiveCfg = Release|Any CPU
		{F4889637-3374-436C-9917-82498EF4D861}.Release|Any CPU.Build.0 = Release|Any CPU
		{C3A5D337-D1E4-4691-A631-8DF4765820F1}.Debug|Any CPU.ActiveCfg = Debug|Any CPU
		{C3A5D337-D1E4-4691-A631-8DF4765820F1}.Debug|Any CPU.Build.0 = Debug|Any CPU
		{C3A5D337-D1E4-4691-A631-8DF4765820F1}.Release|Any CPU.ActiveCfg = Release|Any CPU
		{C3A5D337-D1E4-4691-A631-8DF4765820F1}.Release|Any CPU.Build.0 = Release|Any CPU
		{CF0932EE-ECBB-44FE-8B18-51C74AE16DAD}.Debug|Any CPU.ActiveCfg = Debug|Any CPU
		{CF0932EE-ECBB-44FE-8B18-51C74AE16DAD}.Debug|Any CPU.Build.0 = Debug|Any CPU
		{CF0932EE-ECBB-44FE-8B18-51C74AE16DAD}.Release|Any CPU.ActiveCfg = Release|Any CPU
		{CF0932EE-ECBB-44FE-8B18-51C74AE16DAD}.Release|Any CPU.Build.0 = Release|Any CPU
		{A9015B45-73F1-496F-B4E9-4525BC604C5C}.Debug|Any CPU.ActiveCfg = Debug|Any CPU
		{A9015B45-73F1-496F-B4E9-4525BC604C5C}.Debug|Any CPU.Build.0 = Debug|Any CPU
		{A9015B45-73F1-496F-B4E9-4525BC604C5C}.Release|Any CPU.ActiveCfg = Release|Any CPU
		{A9015B45-73F1-496F-B4E9-4525BC604C5C}.Release|Any CPU.Build.0 = Release|Any CPU
		{952C5E63-FB24-46F9-901D-07229B7EE7FA}.Debug|Any CPU.ActiveCfg = Debug|Any CPU
		{952C5E63-FB24-46F9-901D-07229B7EE7FA}.Debug|Any CPU.Build.0 = Debug|Any CPU
		{952C5E63-FB24-46F9-901D-07229B7EE7FA}.Release|Any CPU.ActiveCfg = Release|Any CPU
		{952C5E63-FB24-46F9-901D-07229B7EE7FA}.Release|Any CPU.Build.0 = Release|Any CPU
		{478569A5-DC5F-4323-96DC-F08A48C65D89}.Debug|Any CPU.ActiveCfg = Debug|Any CPU
		{478569A5-DC5F-4323-96DC-F08A48C65D89}.Debug|Any CPU.Build.0 = Debug|Any CPU
		{478569A5-DC5F-4323-96DC-F08A48C65D89}.Release|Any CPU.ActiveCfg = Release|Any CPU
		{478569A5-DC5F-4323-96DC-F08A48C65D89}.Release|Any CPU.Build.0 = Release|Any CPU
		{EDBE2CA3-BAAC-43ED-8C28-C32BFCB29D6A}.Debug|Any CPU.ActiveCfg = Debug|Any CPU
		{EDBE2CA3-BAAC-43ED-8C28-C32BFCB29D6A}.Debug|Any CPU.Build.0 = Debug|Any CPU
		{EDBE2CA3-BAAC-43ED-8C28-C32BFCB29D6A}.Release|Any CPU.ActiveCfg = Release|Any CPU
		{EDBE2CA3-BAAC-43ED-8C28-C32BFCB29D6A}.Release|Any CPU.Build.0 = Release|Any CPU
		{BDC6B6F4-EDCB-460F-9027-49626A29D87F}.Debug|Any CPU.ActiveCfg = Debug|Any CPU
		{BDC6B6F4-EDCB-460F-9027-49626A29D87F}.Debug|Any CPU.Build.0 = Debug|Any CPU
		{BDC6B6F4-EDCB-460F-9027-49626A29D87F}.Release|Any CPU.ActiveCfg = Release|Any CPU
		{BDC6B6F4-EDCB-460F-9027-49626A29D87F}.Release|Any CPU.Build.0 = Release|Any CPU
		{109F9DDA-2A8D-46B3-B027-D1B78BD2FD99}.Debug|Any CPU.ActiveCfg = Debug|Any CPU
		{109F9DDA-2A8D-46B3-B027-D1B78BD2FD99}.Debug|Any CPU.Build.0 = Debug|Any CPU
		{109F9DDA-2A8D-46B3-B027-D1B78BD2FD99}.Release|Any CPU.ActiveCfg = Release|Any CPU
		{109F9DDA-2A8D-46B3-B027-D1B78BD2FD99}.Release|Any CPU.Build.0 = Release|Any CPU
		{22E8B97C-ACC5-4331-9F8F-FE0508556FA3}.Debug|Any CPU.ActiveCfg = Debug|Any CPU
		{22E8B97C-ACC5-4331-9F8F-FE0508556FA3}.Debug|Any CPU.Build.0 = Debug|Any CPU
		{22E8B97C-ACC5-4331-9F8F-FE0508556FA3}.Release|Any CPU.ActiveCfg = Release|Any CPU
		{22E8B97C-ACC5-4331-9F8F-FE0508556FA3}.Release|Any CPU.Build.0 = Release|Any CPU
		{A90E728B-9C4B-4BFF-A469-04FD5BCD5FD3}.Debug|Any CPU.ActiveCfg = Debug|Any CPU
		{A90E728B-9C4B-4BFF-A469-04FD5BCD5FD3}.Debug|Any CPU.Build.0 = Debug|Any CPU
		{A90E728B-9C4B-4BFF-A469-04FD5BCD5FD3}.Release|Any CPU.ActiveCfg = Release|Any CPU
		{A90E728B-9C4B-4BFF-A469-04FD5BCD5FD3}.Release|Any CPU.Build.0 = Release|Any CPU
		{3DA1ADD6-43A7-47CA-AD91-45D6BFE80C7F}.Debug|Any CPU.ActiveCfg = Debug|Any CPU
		{3DA1ADD6-43A7-47CA-AD91-45D6BFE80C7F}.Debug|Any CPU.Build.0 = Debug|Any CPU
		{3DA1ADD6-43A7-47CA-AD91-45D6BFE80C7F}.Release|Any CPU.ActiveCfg = Release|Any CPU
		{3DA1ADD6-43A7-47CA-AD91-45D6BFE80C7F}.Release|Any CPU.Build.0 = Release|Any CPU
		{15844B6D-2517-4120-A583-41AB6348B7F7}.Debug|Any CPU.ActiveCfg = Debug|Any CPU
		{15844B6D-2517-4120-A583-41AB6348B7F7}.Debug|Any CPU.Build.0 = Debug|Any CPU
		{15844B6D-2517-4120-A583-41AB6348B7F7}.Release|Any CPU.ActiveCfg = Release|Any CPU
		{15844B6D-2517-4120-A583-41AB6348B7F7}.Release|Any CPU.Build.0 = Release|Any CPU
		{05BD5BFB-73D4-40FC-AF44-5F83F00EF8E7}.Debug|Any CPU.ActiveCfg = Debug|Any CPU
		{05BD5BFB-73D4-40FC-AF44-5F83F00EF8E7}.Debug|Any CPU.Build.0 = Debug|Any CPU
		{05BD5BFB-73D4-40FC-AF44-5F83F00EF8E7}.Release|Any CPU.ActiveCfg = Release|Any CPU
		{05BD5BFB-73D4-40FC-AF44-5F83F00EF8E7}.Release|Any CPU.Build.0 = Release|Any CPU
		{A9F5184F-9427-458A-AA49-A46B24D059A1}.Debug|Any CPU.ActiveCfg = Debug|Any CPU
		{A9F5184F-9427-458A-AA49-A46B24D059A1}.Debug|Any CPU.Build.0 = Debug|Any CPU
		{A9F5184F-9427-458A-AA49-A46B24D059A1}.Release|Any CPU.ActiveCfg = Release|Any CPU
		{A9F5184F-9427-458A-AA49-A46B24D059A1}.Release|Any CPU.Build.0 = Release|Any CPU
		{B41990D6-6C6E-44F6-B62A-4363B893AD60}.Debug|Any CPU.ActiveCfg = Debug|Any CPU
		{B41990D6-6C6E-44F6-B62A-4363B893AD60}.Debug|Any CPU.Build.0 = Debug|Any CPU
		{B41990D6-6C6E-44F6-B62A-4363B893AD60}.Release|Any CPU.ActiveCfg = Release|Any CPU
		{B41990D6-6C6E-44F6-B62A-4363B893AD60}.Release|Any CPU.Build.0 = Release|Any CPU
		{C9C7FD83-19D3-41EE-AEAC-1AB3045A623A}.Debug|Any CPU.ActiveCfg = Debug|Any CPU
		{C9C7FD83-19D3-41EE-AEAC-1AB3045A623A}.Debug|Any CPU.Build.0 = Debug|Any CPU
		{C9C7FD83-19D3-41EE-AEAC-1AB3045A623A}.Release|Any CPU.ActiveCfg = Release|Any CPU
		{C9C7FD83-19D3-41EE-AEAC-1AB3045A623A}.Release|Any CPU.Build.0 = Release|Any CPU
		{50E5142D-A00B-4A92-AB1A-FF2BE6C92C85}.Debug|Any CPU.ActiveCfg = Debug|Any CPU
		{50E5142D-A00B-4A92-AB1A-FF2BE6C92C85}.Debug|Any CPU.Build.0 = Debug|Any CPU
		{50E5142D-A00B-4A92-AB1A-FF2BE6C92C85}.Release|Any CPU.ActiveCfg = Release|Any CPU
		{50E5142D-A00B-4A92-AB1A-FF2BE6C92C85}.Release|Any CPU.Build.0 = Release|Any CPU
		{A09363F7-478A-48B7-80E3-96635DE69AD4}.Debug|Any CPU.ActiveCfg = Debug|Any CPU
		{A09363F7-478A-48B7-80E3-96635DE69AD4}.Debug|Any CPU.Build.0 = Debug|Any CPU
		{A09363F7-478A-48B7-80E3-96635DE69AD4}.Release|Any CPU.ActiveCfg = Release|Any CPU
		{A09363F7-478A-48B7-80E3-96635DE69AD4}.Release|Any CPU.Build.0 = Release|Any CPU
		{4246FD13-6C47-4BE1-B142-70DB6353AF95}.Debug|Any CPU.ActiveCfg = Debug|Any CPU
		{4246FD13-6C47-4BE1-B142-70DB6353AF95}.Debug|Any CPU.Build.0 = Debug|Any CPU
		{4246FD13-6C47-4BE1-B142-70DB6353AF95}.Release|Any CPU.ActiveCfg = Release|Any CPU
		{4246FD13-6C47-4BE1-B142-70DB6353AF95}.Release|Any CPU.Build.0 = Release|Any CPU
		{ABE9250D-552F-4D5D-A135-FEF166ED0B87}.Debug|Any CPU.ActiveCfg = Debug|Any CPU
		{ABE9250D-552F-4D5D-A135-FEF166ED0B87}.Debug|Any CPU.Build.0 = Debug|Any CPU
		{ABE9250D-552F-4D5D-A135-FEF166ED0B87}.Release|Any CPU.ActiveCfg = Release|Any CPU
		{ABE9250D-552F-4D5D-A135-FEF166ED0B87}.Release|Any CPU.Build.0 = Release|Any CPU
		{E308C36C-30AA-495D-ACDC-64E3CCCC88CE}.Debug|Any CPU.ActiveCfg = Debug|Any CPU
		{E308C36C-30AA-495D-ACDC-64E3CCCC88CE}.Debug|Any CPU.Build.0 = Debug|Any CPU
		{E308C36C-30AA-495D-ACDC-64E3CCCC88CE}.Release|Any CPU.ActiveCfg = Release|Any CPU
		{E308C36C-30AA-495D-ACDC-64E3CCCC88CE}.Release|Any CPU.Build.0 = Release|Any CPU
		{2D22D5D0-F5D1-4B55-994E-EE3A11AFD274}.Debug|Any CPU.ActiveCfg = Debug|Any CPU
		{2D22D5D0-F5D1-4B55-994E-EE3A11AFD274}.Debug|Any CPU.Build.0 = Debug|Any CPU
		{2D22D5D0-F5D1-4B55-994E-EE3A11AFD274}.Release|Any CPU.ActiveCfg = Release|Any CPU
		{2D22D5D0-F5D1-4B55-994E-EE3A11AFD274}.Release|Any CPU.Build.0 = Release|Any CPU
		{B721714D-5CB8-45E6-8339-3367C77CE28E}.Debug|Any CPU.ActiveCfg = Debug|Any CPU
		{B721714D-5CB8-45E6-8339-3367C77CE28E}.Debug|Any CPU.Build.0 = Debug|Any CPU
		{B721714D-5CB8-45E6-8339-3367C77CE28E}.Release|Any CPU.ActiveCfg = Release|Any CPU
		{B721714D-5CB8-45E6-8339-3367C77CE28E}.Release|Any CPU.Build.0 = Release|Any CPU
		{6C205697-01FA-4E7B-8933-AEC43AF718B4}.Debug|Any CPU.ActiveCfg = Debug|Any CPU
		{6C205697-01FA-4E7B-8933-AEC43AF718B4}.Debug|Any CPU.Build.0 = Debug|Any CPU
		{6C205697-01FA-4E7B-8933-AEC43AF718B4}.Release|Any CPU.ActiveCfg = Release|Any CPU
		{6C205697-01FA-4E7B-8933-AEC43AF718B4}.Release|Any CPU.Build.0 = Release|Any CPU
		{C6DD4C5A-AFD4-4254-A809-365E3A83B114}.Debug|Any CPU.ActiveCfg = Debug|Any CPU
		{C6DD4C5A-AFD4-4254-A809-365E3A83B114}.Debug|Any CPU.Build.0 = Debug|Any CPU
		{C6DD4C5A-AFD4-4254-A809-365E3A83B114}.Release|Any CPU.ActiveCfg = Release|Any CPU
		{C6DD4C5A-AFD4-4254-A809-365E3A83B114}.Release|Any CPU.Build.0 = Release|Any CPU
		{724EAA30-6001-4757-9583-719A05C9F4D6}.Debug|Any CPU.ActiveCfg = Debug|Any CPU
		{724EAA30-6001-4757-9583-719A05C9F4D6}.Debug|Any CPU.Build.0 = Debug|Any CPU
		{724EAA30-6001-4757-9583-719A05C9F4D6}.Release|Any CPU.ActiveCfg = Release|Any CPU
		{724EAA30-6001-4757-9583-719A05C9F4D6}.Release|Any CPU.Build.0 = Release|Any CPU
	EndGlobalSection
	GlobalSection(SolutionProperties) = preSolution
		HideSolutionNode = FALSE
	EndGlobalSection
EndGlobal
