
Microsoft Visual Studio Solution File, Format Version 12.00
# Visual Studio 2012
Project("{FAE04EC0-301F-11D3-BF4B-00C04F79EFBC}") = "Task1", "Task1\Task1.csproj", "{BD301B41-B91F-4EEA-96F3-2AE9E34E4186}"
EndProject
Project("{FAE04EC0-301F-11D3-BF4B-00C04F79EFBC}") = "Task2", "Task2\Task2.csproj", "{5931AC41-8A82-4F64-AEE3-8C4931AF3D08}"
EndProject
Project("{FAE04EC0-301F-11D3-BF4B-00C04F79EFBC}") = "Task3", "Task3\Task3.csproj", "{C55B4EBD-5EB1-475C-A00D-E0D08145BB7D}"
EndProject
Project("{FAE04EC0-301F-11D3-BF4B-00C04F79EFBC}") = "Task4", "Task4\Task4.csproj", "{A09A4268-1E0F-490C-BF58-9BCC5A7812B9}"
EndProject
Project("{FAE04EC0-301F-11D3-BF4B-00C04F79EFBC}") = "Task5", "Task5\Task5.csproj", "{196C3AF3-D6A0-45A8-A9D6-7BE964D8C11C}"
EndProject
Project("{FAE04EC0-301F-11D3-BF4B-00C04F79EFBC}") = "Task6", "Task6\Task6.csproj", "{1A31C8E3-987A-462A-9E19-707AB540820D}"
EndProject
Project("{FAE04EC0-301F-11D3-BF4B-00C04F79EFBC}") = "Task7", "Task7\Task7.csproj", "{C639E009-81B9-4F8B-9DCA-D4D0956DCDD9}"
EndProject
Project("{FAE04EC0-301F-11D3-BF4B-00C04F79EFBC}") = "Task8", "Task8\Task8.csproj", "{246EC410-7B19-427D-8F2A-32C0B99E0802}"
EndProject
Project("{FAE04EC0-301F-11D3-BF4B-00C04F79EFBC}") = "Task10", "Task10\Task10.csproj", "{D7E1DEBE-0440-408D-A952-BAF9F17EA77E}"
EndProject
Project("{FAE04EC0-301F-11D3-BF4B-00C04F79EFBC}") = "Task9", "Task9\Task9.csproj", "{E2CF8556-A1E5-4B43-8B2C-5FE061A11C12}"
EndProject
Project("{FAE04EC0-301F-11D3-BF4B-00C04F79EFBC}") = "Task11", "Task11\Task11.csproj", "{94F633CF-C391-4038-8082-9197192C49BD}"
EndProject
Project("{FAE04EC0-301F-11D3-BF4B-00C04F79EFBC}") = "Task12", "Task12\Task12.csproj", "{7F7CCF06-CE46-4E0B-8C69-1D708707EA4D}"
EndProject
Project("{FAE04EC0-301F-11D3-BF4B-00C04F79EFBC}") = "Task13", "Task13\Task13.csproj", "{E008D93D-BF23-494B-AEB0-32D4F078FCD6}"
EndProject
Project("{FAE04EC0-301F-11D3-BF4B-00C04F79EFBC}") = "Task14", "Task14\Task14.csproj", "{321F29DD-04EF-44A4-B5AC-12F76FABC063}"
EndProject
Project("{FAE04EC0-301F-11D3-BF4B-00C04F79EFBC}") = "Task15", "Task15\Task15.csproj", "{495CB658-ABD0-429F-80C7-1CCD8BBFF529}"
EndProject
Project("{FAE04EC0-301F-11D3-BF4B-00C04F79EFBC}") = "Task16", "Task16\Task16.csproj", "{5E7E1F64-5C87-43BB-8966-C99C7C07FE34}"
EndProject
Project("{FAE04EC0-301F-11D3-BF4B-00C04F79EFBC}") = "Task17", "Task17\Task17.csproj", "{BC5807D5-99CB-4581-908E-86F8FC58034F}"
EndProject
Project("{FAE04EC0-301F-11D3-BF4B-00C04F79EFBC}") = "Task18", "Task18\Task18.csproj", "{8356D56A-7D99-43E6-9271-78E29782DF74}"
EndProject
Project("{FAE04EC0-301F-11D3-BF4B-00C04F79EFBC}") = "Task19", "Task19\Task19.csproj", "{53D010EB-1696-407A-829A-2702F0C88CA4}"
EndProject
Project("{FAE04EC0-301F-11D3-BF4B-00C04F79EFBC}") = "Task20", "Task20\Task20.csproj", "{ED57D130-A32F-4BEB-B91E-98D9878BE2E0}"
EndProject
Project("{FAE04EC0-301F-11D3-BF4B-00C04F79EFBC}") = "Task21", "Task21\Task21.csproj", "{D4121047-328F-4CD4-AB03-2E83D2868C4B}"
EndProject
Project("{FAE04EC0-301F-11D3-BF4B-00C04F79EFBC}") = "Task22", "Task22\Task22.csproj", "{40C19948-695A-49B1-A111-E9893D948DF3}"
EndProject
Project("{FAE04EC0-301F-11D3-BF4B-00C04F79EFBC}") = "Task23", "Task23\Task23.csproj", "{24D5A426-37C3-4BBA-8FA7-40A5A80F943A}"
EndProject
Project("{FAE04EC0-301F-11D3-BF4B-00C04F79EFBC}") = "Task24", "Task24\Task24.csproj", "{99B40A97-A23C-4C41-B531-B2636221D3CF}"
EndProject
Project("{FAE04EC0-301F-11D3-BF4B-00C04F79EFBC}") = "Task25", "Task25\Task25.csproj", "{8BFDF17D-95C9-41CD-87B0-987B7618DB39}"
EndProject
Project("{FAE04EC0-301F-11D3-BF4B-00C04F79EFBC}") = "Task26", "Task26\Task26.csproj", "{081F24A0-067E-4632-A5C7-FAD43E24F389}"
EndProject
Project("{FAE04EC0-301F-11D3-BF4B-00C04F79EFBC}") = "Task27", "Task27\Task27.csproj", "{078D63EC-768B-4BE5-A6D1-F74F489F9946}"
EndProject
Project("{FAE04EC0-301F-11D3-BF4B-00C04F79EFBC}") = "Task42", "Task42\Task42.csproj", "{4F746A55-A5B3-4A97-A36F-3419F8A7DFF9}"
EndProject
Project("{FAE04EC0-301F-11D3-BF4B-00C04F79EFBC}") = "Task43", "Task43\Task43.csproj", "{2FC652EF-014C-489A-BD36-BAAB0DE1EFB7}"
EndProject
Project("{FAE04EC0-301F-11D3-BF4B-00C04F79EFBC}") = "Task44", "Task44\Task44.csproj", "{CCEF7342-DC80-4AF8-8F58-DFEDE52D2821}"
EndProject
Project("{FAE04EC0-301F-11D3-BF4B-00C04F79EFBC}") = "Task31", "Task31\Task31.csproj", "{E92AC93C-F25C-493A-B513-E755B25418A6}"
EndProject
Project("{FAE04EC0-301F-11D3-BF4B-00C04F79EFBC}") = "Task32", "Task32\Task32.csproj", "{E3E6326B-7177-464D-83E0-B3D63C0246DE}"
EndProject
Project("{FAE04EC0-301F-11D3-BF4B-00C04F79EFBC}") = "Task33", "Task33\Task33.csproj", "{B5F850A1-A0FB-49AF-AC22-A3FE47F65541}"
EndProject
Global
	GlobalSection(SolutionConfigurationPlatforms) = preSolution
		Debug|Any CPU = Debug|Any CPU
		Release|Any CPU = Release|Any CPU
	EndGlobalSection
	GlobalSection(ProjectConfigurationPlatforms) = postSolution
		{BD301B41-B91F-4EEA-96F3-2AE9E34E4186}.Debug|Any CPU.ActiveCfg = Debug|Any CPU
		{BD301B41-B91F-4EEA-96F3-2AE9E34E4186}.Debug|Any CPU.Build.0 = Debug|Any CPU
		{BD301B41-B91F-4EEA-96F3-2AE9E34E4186}.Release|Any CPU.ActiveCfg = Release|Any CPU
		{BD301B41-B91F-4EEA-96F3-2AE9E34E4186}.Release|Any CPU.Build.0 = Release|Any CPU
		{5931AC41-8A82-4F64-AEE3-8C4931AF3D08}.Debug|Any CPU.ActiveCfg = Debug|Any CPU
		{5931AC41-8A82-4F64-AEE3-8C4931AF3D08}.Debug|Any CPU.Build.0 = Debug|Any CPU
		{5931AC41-8A82-4F64-AEE3-8C4931AF3D08}.Release|Any CPU.ActiveCfg = Release|Any CPU
		{5931AC41-8A82-4F64-AEE3-8C4931AF3D08}.Release|Any CPU.Build.0 = Release|Any CPU
		{C55B4EBD-5EB1-475C-A00D-E0D08145BB7D}.Debug|Any CPU.ActiveCfg = Debug|Any CPU
		{C55B4EBD-5EB1-475C-A00D-E0D08145BB7D}.Debug|Any CPU.Build.0 = Debug|Any CPU
		{C55B4EBD-5EB1-475C-A00D-E0D08145BB7D}.Release|Any CPU.ActiveCfg = Release|Any CPU
		{C55B4EBD-5EB1-475C-A00D-E0D08145BB7D}.Release|Any CPU.Build.0 = Release|Any CPU
		{A09A4268-1E0F-490C-BF58-9BCC5A7812B9}.Debug|Any CPU.ActiveCfg = Debug|Any CPU
		{A09A4268-1E0F-490C-BF58-9BCC5A7812B9}.Debug|Any CPU.Build.0 = Debug|Any CPU
		{A09A4268-1E0F-490C-BF58-9BCC5A7812B9}.Release|Any CPU.ActiveCfg = Release|Any CPU
		{A09A4268-1E0F-490C-BF58-9BCC5A7812B9}.Release|Any CPU.Build.0 = Release|Any CPU
		{196C3AF3-D6A0-45A8-A9D6-7BE964D8C11C}.Debug|Any CPU.ActiveCfg = Debug|Any CPU
		{196C3AF3-D6A0-45A8-A9D6-7BE964D8C11C}.Debug|Any CPU.Build.0 = Debug|Any CPU
		{196C3AF3-D6A0-45A8-A9D6-7BE964D8C11C}.Release|Any CPU.ActiveCfg = Release|Any CPU
		{196C3AF3-D6A0-45A8-A9D6-7BE964D8C11C}.Release|Any CPU.Build.0 = Release|Any CPU
		{1A31C8E3-987A-462A-9E19-707AB540820D}.Debug|Any CPU.ActiveCfg = Debug|Any CPU
		{1A31C8E3-987A-462A-9E19-707AB540820D}.Debug|Any CPU.Build.0 = Debug|Any CPU
		{1A31C8E3-987A-462A-9E19-707AB540820D}.Release|Any CPU.ActiveCfg = Release|Any CPU
		{1A31C8E3-987A-462A-9E19-707AB540820D}.Release|Any CPU.Build.0 = Release|Any CPU
		{C639E009-81B9-4F8B-9DCA-D4D0956DCDD9}.Debug|Any CPU.ActiveCfg = Debug|Any CPU
		{C639E009-81B9-4F8B-9DCA-D4D0956DCDD9}.Debug|Any CPU.Build.0 = Debug|Any CPU
		{C639E009-81B9-4F8B-9DCA-D4D0956DCDD9}.Release|Any CPU.ActiveCfg = Release|Any CPU
		{C639E009-81B9-4F8B-9DCA-D4D0956DCDD9}.Release|Any CPU.Build.0 = Release|Any CPU
		{246EC410-7B19-427D-8F2A-32C0B99E0802}.Debug|Any CPU.ActiveCfg = Debug|Any CPU
		{246EC410-7B19-427D-8F2A-32C0B99E0802}.Debug|Any CPU.Build.0 = Debug|Any CPU
		{246EC410-7B19-427D-8F2A-32C0B99E0802}.Release|Any CPU.ActiveCfg = Release|Any CPU
		{246EC410-7B19-427D-8F2A-32C0B99E0802}.Release|Any CPU.Build.0 = Release|Any CPU
		{D7E1DEBE-0440-408D-A952-BAF9F17EA77E}.Debug|Any CPU.ActiveCfg = Debug|Any CPU
		{D7E1DEBE-0440-408D-A952-BAF9F17EA77E}.Debug|Any CPU.Build.0 = Debug|Any CPU
		{D7E1DEBE-0440-408D-A952-BAF9F17EA77E}.Release|Any CPU.ActiveCfg = Release|Any CPU
		{D7E1DEBE-0440-408D-A952-BAF9F17EA77E}.Release|Any CPU.Build.0 = Release|Any CPU
		{E2CF8556-A1E5-4B43-8B2C-5FE061A11C12}.Debug|Any CPU.ActiveCfg = Debug|Any CPU
		{E2CF8556-A1E5-4B43-8B2C-5FE061A11C12}.Debug|Any CPU.Build.0 = Debug|Any CPU
		{E2CF8556-A1E5-4B43-8B2C-5FE061A11C12}.Release|Any CPU.ActiveCfg = Release|Any CPU
		{E2CF8556-A1E5-4B43-8B2C-5FE061A11C12}.Release|Any CPU.Build.0 = Release|Any CPU
		{94F633CF-C391-4038-8082-9197192C49BD}.Debug|Any CPU.ActiveCfg = Debug|Any CPU
		{94F633CF-C391-4038-8082-9197192C49BD}.Debug|Any CPU.Build.0 = Debug|Any CPU
		{94F633CF-C391-4038-8082-9197192C49BD}.Release|Any CPU.ActiveCfg = Release|Any CPU
		{94F633CF-C391-4038-8082-9197192C49BD}.Release|Any CPU.Build.0 = Release|Any CPU
		{7F7CCF06-CE46-4E0B-8C69-1D708707EA4D}.Debug|Any CPU.ActiveCfg = Debug|Any CPU
		{7F7CCF06-CE46-4E0B-8C69-1D708707EA4D}.Debug|Any CPU.Build.0 = Debug|Any CPU
		{7F7CCF06-CE46-4E0B-8C69-1D708707EA4D}.Release|Any CPU.ActiveCfg = Release|Any CPU
		{7F7CCF06-CE46-4E0B-8C69-1D708707EA4D}.Release|Any CPU.Build.0 = Release|Any CPU
		{E008D93D-BF23-494B-AEB0-32D4F078FCD6}.Debug|Any CPU.ActiveCfg = Debug|Any CPU
		{E008D93D-BF23-494B-AEB0-32D4F078FCD6}.Debug|Any CPU.Build.0 = Debug|Any CPU
		{E008D93D-BF23-494B-AEB0-32D4F078FCD6}.Release|Any CPU.ActiveCfg = Release|Any CPU
		{E008D93D-BF23-494B-AEB0-32D4F078FCD6}.Release|Any CPU.Build.0 = Release|Any CPU
		{321F29DD-04EF-44A4-B5AC-12F76FABC063}.Debug|Any CPU.ActiveCfg = Debug|Any CPU
		{321F29DD-04EF-44A4-B5AC-12F76FABC063}.Debug|Any CPU.Build.0 = Debug|Any CPU
		{321F29DD-04EF-44A4-B5AC-12F76FABC063}.Release|Any CPU.ActiveCfg = Release|Any CPU
		{321F29DD-04EF-44A4-B5AC-12F76FABC063}.Release|Any CPU.Build.0 = Release|Any CPU
		{495CB658-ABD0-429F-80C7-1CCD8BBFF529}.Debug|Any CPU.ActiveCfg = Debug|Any CPU
		{495CB658-ABD0-429F-80C7-1CCD8BBFF529}.Debug|Any CPU.Build.0 = Debug|Any CPU
		{495CB658-ABD0-429F-80C7-1CCD8BBFF529}.Release|Any CPU.ActiveCfg = Release|Any CPU
		{495CB658-ABD0-429F-80C7-1CCD8BBFF529}.Release|Any CPU.Build.0 = Release|Any CPU
		{5E7E1F64-5C87-43BB-8966-C99C7C07FE34}.Debug|Any CPU.ActiveCfg = Debug|Any CPU
		{5E7E1F64-5C87-43BB-8966-C99C7C07FE34}.Debug|Any CPU.Build.0 = Debug|Any CPU
		{5E7E1F64-5C87-43BB-8966-C99C7C07FE34}.Release|Any CPU.ActiveCfg = Release|Any CPU
		{5E7E1F64-5C87-43BB-8966-C99C7C07FE34}.Release|Any CPU.Build.0 = Release|Any CPU
		{BC5807D5-99CB-4581-908E-86F8FC58034F}.Debug|Any CPU.ActiveCfg = Debug|Any CPU
		{BC5807D5-99CB-4581-908E-86F8FC58034F}.Debug|Any CPU.Build.0 = Debug|Any CPU
		{BC5807D5-99CB-4581-908E-86F8FC58034F}.Release|Any CPU.ActiveCfg = Release|Any CPU
		{BC5807D5-99CB-4581-908E-86F8FC58034F}.Release|Any CPU.Build.0 = Release|Any CPU
		{8356D56A-7D99-43E6-9271-78E29782DF74}.Debug|Any CPU.ActiveCfg = Debug|Any CPU
		{8356D56A-7D99-43E6-9271-78E29782DF74}.Debug|Any CPU.Build.0 = Debug|Any CPU
		{8356D56A-7D99-43E6-9271-78E29782DF74}.Release|Any CPU.ActiveCfg = Release|Any CPU
		{8356D56A-7D99-43E6-9271-78E29782DF74}.Release|Any CPU.Build.0 = Release|Any CPU
		{53D010EB-1696-407A-829A-2702F0C88CA4}.Debug|Any CPU.ActiveCfg = Debug|Any CPU
		{53D010EB-1696-407A-829A-2702F0C88CA4}.Debug|Any CPU.Build.0 = Debug|Any CPU
		{53D010EB-1696-407A-829A-2702F0C88CA4}.Release|Any CPU.ActiveCfg = Release|Any CPU
		{53D010EB-1696-407A-829A-2702F0C88CA4}.Release|Any CPU.Build.0 = Release|Any CPU
		{ED57D130-A32F-4BEB-B91E-98D9878BE2E0}.Debug|Any CPU.ActiveCfg = Debug|Any CPU
		{ED57D130-A32F-4BEB-B91E-98D9878BE2E0}.Debug|Any CPU.Build.0 = Debug|Any CPU
		{ED57D130-A32F-4BEB-B91E-98D9878BE2E0}.Release|Any CPU.ActiveCfg = Release|Any CPU
		{ED57D130-A32F-4BEB-B91E-98D9878BE2E0}.Release|Any CPU.Build.0 = Release|Any CPU
		{D4121047-328F-4CD4-AB03-2E83D2868C4B}.Debug|Any CPU.ActiveCfg = Debug|Any CPU
		{D4121047-328F-4CD4-AB03-2E83D2868C4B}.Debug|Any CPU.Build.0 = Debug|Any CPU
		{D4121047-328F-4CD4-AB03-2E83D2868C4B}.Release|Any CPU.ActiveCfg = Release|Any CPU
		{D4121047-328F-4CD4-AB03-2E83D2868C4B}.Release|Any CPU.Build.0 = Release|Any CPU
		{40C19948-695A-49B1-A111-E9893D948DF3}.Debug|Any CPU.ActiveCfg = Debug|Any CPU
		{40C19948-695A-49B1-A111-E9893D948DF3}.Debug|Any CPU.Build.0 = Debug|Any CPU
		{40C19948-695A-49B1-A111-E9893D948DF3}.Release|Any CPU.ActiveCfg = Release|Any CPU
		{40C19948-695A-49B1-A111-E9893D948DF3}.Release|Any CPU.Build.0 = Release|Any CPU
		{24D5A426-37C3-4BBA-8FA7-40A5A80F943A}.Debug|Any CPU.ActiveCfg = Debug|Any CPU
		{24D5A426-37C3-4BBA-8FA7-40A5A80F943A}.Debug|Any CPU.Build.0 = Debug|Any CPU
		{24D5A426-37C3-4BBA-8FA7-40A5A80F943A}.Release|Any CPU.ActiveCfg = Release|Any CPU
		{24D5A426-37C3-4BBA-8FA7-40A5A80F943A}.Release|Any CPU.Build.0 = Release|Any CPU
		{99B40A97-A23C-4C41-B531-B2636221D3CF}.Debug|Any CPU.ActiveCfg = Debug|Any CPU
		{99B40A97-A23C-4C41-B531-B2636221D3CF}.Debug|Any CPU.Build.0 = Debug|Any CPU
		{99B40A97-A23C-4C41-B531-B2636221D3CF}.Release|Any CPU.ActiveCfg = Release|Any CPU
		{99B40A97-A23C-4C41-B531-B2636221D3CF}.Release|Any CPU.Build.0 = Release|Any CPU
		{8BFDF17D-95C9-41CD-87B0-987B7618DB39}.Debug|Any CPU.ActiveCfg = Debug|Any CPU
		{8BFDF17D-95C9-41CD-87B0-987B7618DB39}.Debug|Any CPU.Build.0 = Debug|Any CPU
		{8BFDF17D-95C9-41CD-87B0-987B7618DB39}.Release|Any CPU.ActiveCfg = Release|Any CPU
		{8BFDF17D-95C9-41CD-87B0-987B7618DB39}.Release|Any CPU.Build.0 = Release|Any CPU
		{081F24A0-067E-4632-A5C7-FAD43E24F389}.Debug|Any CPU.ActiveCfg = Debug|Any CPU
		{081F24A0-067E-4632-A5C7-FAD43E24F389}.Debug|Any CPU.Build.0 = Debug|Any CPU
		{081F24A0-067E-4632-A5C7-FAD43E24F389}.Release|Any CPU.ActiveCfg = Release|Any CPU
		{081F24A0-067E-4632-A5C7-FAD43E24F389}.Release|Any CPU.Build.0 = Release|Any CPU
		{078D63EC-768B-4BE5-A6D1-F74F489F9946}.Debug|Any CPU.ActiveCfg = Debug|Any CPU
		{078D63EC-768B-4BE5-A6D1-F74F489F9946}.Debug|Any CPU.Build.0 = Debug|Any CPU
		{078D63EC-768B-4BE5-A6D1-F74F489F9946}.Release|Any CPU.ActiveCfg = Release|Any CPU
		{078D63EC-768B-4BE5-A6D1-F74F489F9946}.Release|Any CPU.Build.0 = Release|Any CPU
		{4F746A55-A5B3-4A97-A36F-3419F8A7DFF9}.Debug|Any CPU.ActiveCfg = Debug|Any CPU
		{4F746A55-A5B3-4A97-A36F-3419F8A7DFF9}.Debug|Any CPU.Build.0 = Debug|Any CPU
		{4F746A55-A5B3-4A97-A36F-3419F8A7DFF9}.Release|Any CPU.ActiveCfg = Release|Any CPU
		{4F746A55-A5B3-4A97-A36F-3419F8A7DFF9}.Release|Any CPU.Build.0 = Release|Any CPU
		{2FC652EF-014C-489A-BD36-BAAB0DE1EFB7}.Debug|Any CPU.ActiveCfg = Debug|Any CPU
		{2FC652EF-014C-489A-BD36-BAAB0DE1EFB7}.Debug|Any CPU.Build.0 = Debug|Any CPU
		{2FC652EF-014C-489A-BD36-BAAB0DE1EFB7}.Release|Any CPU.ActiveCfg = Release|Any CPU
		{2FC652EF-014C-489A-BD36-BAAB0DE1EFB7}.Release|Any CPU.Build.0 = Release|Any CPU
		{CCEF7342-DC80-4AF8-8F58-DFEDE52D2821}.Debug|Any CPU.ActiveCfg = Debug|Any CPU
		{CCEF7342-DC80-4AF8-8F58-DFEDE52D2821}.Debug|Any CPU.Build.0 = Debug|Any CPU
		{CCEF7342-DC80-4AF8-8F58-DFEDE52D2821}.Release|Any CPU.ActiveCfg = Release|Any CPU
		{CCEF7342-DC80-4AF8-8F58-DFEDE52D2821}.Release|Any CPU.Build.0 = Release|Any CPU
		{E92AC93C-F25C-493A-B513-E755B25418A6}.Debug|Any CPU.ActiveCfg = Debug|Any CPU
		{E92AC93C-F25C-493A-B513-E755B25418A6}.Debug|Any CPU.Build.0 = Debug|Any CPU
		{E92AC93C-F25C-493A-B513-E755B25418A6}.Release|Any CPU.ActiveCfg = Release|Any CPU
		{E92AC93C-F25C-493A-B513-E755B25418A6}.Release|Any CPU.Build.0 = Release|Any CPU
		{E3E6326B-7177-464D-83E0-B3D63C0246DE}.Debug|Any CPU.ActiveCfg = Debug|Any CPU
		{E3E6326B-7177-464D-83E0-B3D63C0246DE}.Debug|Any CPU.Build.0 = Debug|Any CPU
		{E3E6326B-7177-464D-83E0-B3D63C0246DE}.Release|Any CPU.ActiveCfg = Release|Any CPU
		{E3E6326B-7177-464D-83E0-B3D63C0246DE}.Release|Any CPU.Build.0 = Release|Any CPU
		{B5F850A1-A0FB-49AF-AC22-A3FE47F65541}.Debug|Any CPU.ActiveCfg = Debug|Any CPU
		{B5F850A1-A0FB-49AF-AC22-A3FE47F65541}.Debug|Any CPU.Build.0 = Debug|Any CPU
		{B5F850A1-A0FB-49AF-AC22-A3FE47F65541}.Release|Any CPU.ActiveCfg = Release|Any CPU
		{B5F850A1-A0FB-49AF-AC22-A3FE47F65541}.Release|Any CPU.Build.0 = Release|Any CPU
	EndGlobalSection
	GlobalSection(SolutionProperties) = preSolution
		HideSolutionNode = FALSE
	EndGlobalSection
EndGlobal
