
Microsoft Visual Studio Solution File, Format Version 12.00
# Visual Studio 2012
Project("{FAE04EC0-301F-11D3-BF4B-00C04F79EFBC}") = "Task1", "Task1\Task1.csproj", "{DEAD237D-EA46-42D1-B40B-80B9B240A9F9}"
EndProject
Project("{FAE04EC0-301F-11D3-BF4B-00C04F79EFBC}") = "Task2", "Task2\Task2.csproj", "{2D3B1F49-F4C0-40E1-BA0F-47B2F3A4BE1B}"
EndProject
Project("{FAE04EC0-301F-11D3-BF4B-00C04F79EFBC}") = "Task3", "Task3\Task3.csproj", "{7A4DFD0F-A8EB-47A1-8DD6-1210F98ED3CC}"
EndProject
Project("{FAE04EC0-301F-11D3-BF4B-00C04F79EFBC}") = "Task4", "Task4\Task4.csproj", "{BA8273A2-B166-4BAB-94D1-2B42D999E0E1}"
EndProject
Project("{FAE04EC0-301F-11D3-BF4B-00C04F79EFBC}") = "Task5", "Task5\Task5.csproj", "{650A4ECA-FF3B-4EA4-B0BD-C59140194A6B}"
EndProject
Project("{FAE04EC0-301F-11D3-BF4B-00C04F79EFBC}") = "Task6", "Task6\Task6.csproj", "{AA9EC829-472B-4FD7-9F89-15318A132007}"
EndProject
Project("{FAE04EC0-301F-11D3-BF4B-00C04F79EFBC}") = "Task7", "Task7\Task7.csproj", "{8991DBAB-2640-4E49-9BFE-A927816CD725}"
EndProject
Project("{FAE04EC0-301F-11D3-BF4B-00C04F79EFBC}") = "Task8", "Task8\Task8.csproj", "{B6C4ADF0-70D7-4C05-BF70-A9BDD52C493C}"
EndProject
Project("{FAE04EC0-301F-11D3-BF4B-00C04F79EFBC}") = "Task9", "Task9\Task9.csproj", "{906EB3A0-DE5D-49C0-B3B3-D81575E225A1}"
EndProject
Project("{FAE04EC0-301F-11D3-BF4B-00C04F79EFBC}") = "Task8-1", "Task8-1\Task8-1.csproj", "{03D0B68E-82EC-4B63-B0BB-F4621A1A52C1}"
EndProject
Project("{FAE04EC0-301F-11D3-BF4B-00C04F79EFBC}") = "Task10", "Task10\Task10.csproj", "{3EB6BF86-4C3C-438C-B6C8-7ACC204C594C}"
EndProject
Project("{FAE04EC0-301F-11D3-BF4B-00C04F79EFBC}") = "Task11", "Task11\Task11.csproj", "{89FA0093-0801-4075-BC21-AB957D14B089}"
EndProject
Project("{FAE04EC0-301F-11D3-BF4B-00C04F79EFBC}") = "Task12", "Task12\Task12.csproj", "{A268AA4F-EBB1-4D66-AE90-E2FB650EDC09}"
EndProject
Project("{FAE04EC0-301F-11D3-BF4B-00C04F79EFBC}") = "Task13", "Task13\Task13.csproj", "{72D39EF0-88C9-46B0-84C9-EE06D85625D7}"
EndProject
Project("{FAE04EC0-301F-11D3-BF4B-00C04F79EFBC}") = "Task14", "Task14\Task14.csproj", "{22963917-0D15-45F8-B0FF-73ABD27A0507}"
EndProject
Project("{FAE04EC0-301F-11D3-BF4B-00C04F79EFBC}") = "Task15", "Task15\Task15.csproj", "{793B021C-312A-4568-A3C9-6D20592B7495}"
EndProject
Global
	GlobalSection(SolutionConfigurationPlatforms) = preSolution
		Debug|Any CPU = Debug|Any CPU
		Release|Any CPU = Release|Any CPU
	EndGlobalSection
	GlobalSection(ProjectConfigurationPlatforms) = postSolution
		{DEAD237D-EA46-42D1-B40B-80B9B240A9F9}.Debug|Any CPU.ActiveCfg = Debug|Any CPU
		{DEAD237D-EA46-42D1-B40B-80B9B240A9F9}.Debug|Any CPU.Build.0 = Debug|Any CPU
		{DEAD237D-EA46-42D1-B40B-80B9B240A9F9}.Release|Any CPU.ActiveCfg = Release|Any CPU
		{DEAD237D-EA46-42D1-B40B-80B9B240A9F9}.Release|Any CPU.Build.0 = Release|Any CPU
		{2D3B1F49-F4C0-40E1-BA0F-47B2F3A4BE1B}.Debug|Any CPU.ActiveCfg = Debug|Any CPU
		{2D3B1F49-F4C0-40E1-BA0F-47B2F3A4BE1B}.Debug|Any CPU.Build.0 = Debug|Any CPU
		{2D3B1F49-F4C0-40E1-BA0F-47B2F3A4BE1B}.Release|Any CPU.ActiveCfg = Release|Any CPU
		{2D3B1F49-F4C0-40E1-BA0F-47B2F3A4BE1B}.Release|Any CPU.Build.0 = Release|Any CPU
		{7A4DFD0F-A8EB-47A1-8DD6-1210F98ED3CC}.Debug|Any CPU.ActiveCfg = Debug|Any CPU
		{7A4DFD0F-A8EB-47A1-8DD6-1210F98ED3CC}.Debug|Any CPU.Build.0 = Debug|Any CPU
		{7A4DFD0F-A8EB-47A1-8DD6-1210F98ED3CC}.Release|Any CPU.ActiveCfg = Release|Any CPU
		{7A4DFD0F-A8EB-47A1-8DD6-1210F98ED3CC}.Release|Any CPU.Build.0 = Release|Any CPU
		{BA8273A2-B166-4BAB-94D1-2B42D999E0E1}.Debug|Any CPU.ActiveCfg = Debug|Any CPU
		{BA8273A2-B166-4BAB-94D1-2B42D999E0E1}.Debug|Any CPU.Build.0 = Debug|Any CPU
		{BA8273A2-B166-4BAB-94D1-2B42D999E0E1}.Release|Any CPU.ActiveCfg = Release|Any CPU
		{BA8273A2-B166-4BAB-94D1-2B42D999E0E1}.Release|Any CPU.Build.0 = Release|Any CPU
		{650A4ECA-FF3B-4EA4-B0BD-C59140194A6B}.Debug|Any CPU.ActiveCfg = Debug|Any CPU
		{650A4ECA-FF3B-4EA4-B0BD-C59140194A6B}.Debug|Any CPU.Build.0 = Debug|Any CPU
		{650A4ECA-FF3B-4EA4-B0BD-C59140194A6B}.Release|Any CPU.ActiveCfg = Release|Any CPU
		{650A4ECA-FF3B-4EA4-B0BD-C59140194A6B}.Release|Any CPU.Build.0 = Release|Any CPU
		{AA9EC829-472B-4FD7-9F89-15318A132007}.Debug|Any CPU.ActiveCfg = Debug|Any CPU
		{AA9EC829-472B-4FD7-9F89-15318A132007}.Debug|Any CPU.Build.0 = Debug|Any CPU
		{AA9EC829-472B-4FD7-9F89-15318A132007}.Release|Any CPU.ActiveCfg = Release|Any CPU
		{AA9EC829-472B-4FD7-9F89-15318A132007}.Release|Any CPU.Build.0 = Release|Any CPU
		{8991DBAB-2640-4E49-9BFE-A927816CD725}.Debug|Any CPU.ActiveCfg = Debug|Any CPU
		{8991DBAB-2640-4E49-9BFE-A927816CD725}.Debug|Any CPU.Build.0 = Debug|Any CPU
		{8991DBAB-2640-4E49-9BFE-A927816CD725}.Release|Any CPU.ActiveCfg = Release|Any CPU
		{8991DBAB-2640-4E49-9BFE-A927816CD725}.Release|Any CPU.Build.0 = Release|Any CPU
		{B6C4ADF0-70D7-4C05-BF70-A9BDD52C493C}.Debug|Any CPU.ActiveCfg = Debug|Any CPU
		{B6C4ADF0-70D7-4C05-BF70-A9BDD52C493C}.Debug|Any CPU.Build.0 = Debug|Any CPU
		{B6C4ADF0-70D7-4C05-BF70-A9BDD52C493C}.Release|Any CPU.ActiveCfg = Release|Any CPU
		{B6C4ADF0-70D7-4C05-BF70-A9BDD52C493C}.Release|Any CPU.Build.0 = Release|Any CPU
		{906EB3A0-DE5D-49C0-B3B3-D81575E225A1}.Debug|Any CPU.ActiveCfg = Debug|Any CPU
		{906EB3A0-DE5D-49C0-B3B3-D81575E225A1}.Debug|Any CPU.Build.0 = Debug|Any CPU
		{906EB3A0-DE5D-49C0-B3B3-D81575E225A1}.Release|Any CPU.ActiveCfg = Release|Any CPU
		{906EB3A0-DE5D-49C0-B3B3-D81575E225A1}.Release|Any CPU.Build.0 = Release|Any CPU
		{03D0B68E-82EC-4B63-B0BB-F4621A1A52C1}.Debug|Any CPU.ActiveCfg = Debug|Any CPU
		{03D0B68E-82EC-4B63-B0BB-F4621A1A52C1}.Debug|Any CPU.Build.0 = Debug|Any CPU
		{03D0B68E-82EC-4B63-B0BB-F4621A1A52C1}.Release|Any CPU.ActiveCfg = Release|Any CPU
		{03D0B68E-82EC-4B63-B0BB-F4621A1A52C1}.Release|Any CPU.Build.0 = Release|Any CPU
		{3EB6BF86-4C3C-438C-B6C8-7ACC204C594C}.Debug|Any CPU.ActiveCfg = Debug|Any CPU
		{3EB6BF86-4C3C-438C-B6C8-7ACC204C594C}.Debug|Any CPU.Build.0 = Debug|Any CPU
		{3EB6BF86-4C3C-438C-B6C8-7ACC204C594C}.Release|Any CPU.ActiveCfg = Release|Any CPU
		{3EB6BF86-4C3C-438C-B6C8-7ACC204C594C}.Release|Any CPU.Build.0 = Release|Any CPU
		{89FA0093-0801-4075-BC21-AB957D14B089}.Debug|Any CPU.ActiveCfg = Debug|Any CPU
		{89FA0093-0801-4075-BC21-AB957D14B089}.Debug|Any CPU.Build.0 = Debug|Any CPU
		{89FA0093-0801-4075-BC21-AB957D14B089}.Release|Any CPU.ActiveCfg = Release|Any CPU
		{89FA0093-0801-4075-BC21-AB957D14B089}.Release|Any CPU.Build.0 = Release|Any CPU
		{A268AA4F-EBB1-4D66-AE90-E2FB650EDC09}.Debug|Any CPU.ActiveCfg = Debug|Any CPU
		{A268AA4F-EBB1-4D66-AE90-E2FB650EDC09}.Debug|Any CPU.Build.0 = Debug|Any CPU
		{A268AA4F-EBB1-4D66-AE90-E2FB650EDC09}.Release|Any CPU.ActiveCfg = Release|Any CPU
		{A268AA4F-EBB1-4D66-AE90-E2FB650EDC09}.Release|Any CPU.Build.0 = Release|Any CPU
		{72D39EF0-88C9-46B0-84C9-EE06D85625D7}.Debug|Any CPU.ActiveCfg = Debug|Any CPU
		{72D39EF0-88C9-46B0-84C9-EE06D85625D7}.Debug|Any CPU.Build.0 = Debug|Any CPU
		{72D39EF0-88C9-46B0-84C9-EE06D85625D7}.Release|Any CPU.ActiveCfg = Release|Any CPU
		{72D39EF0-88C9-46B0-84C9-EE06D85625D7}.Release|Any CPU.Build.0 = Release|Any CPU
		{22963917-0D15-45F8-B0FF-73ABD27A0507}.Debug|Any CPU.ActiveCfg = Debug|Any CPU
		{22963917-0D15-45F8-B0FF-73ABD27A0507}.Debug|Any CPU.Build.0 = Debug|Any CPU
		{22963917-0D15-45F8-B0FF-73ABD27A0507}.Release|Any CPU.ActiveCfg = Release|Any CPU
		{22963917-0D15-45F8-B0FF-73ABD27A0507}.Release|Any CPU.Build.0 = Release|Any CPU
		{793B021C-312A-4568-A3C9-6D20592B7495}.Debug|Any CPU.ActiveCfg = Debug|Any CPU
		{793B021C-312A-4568-A3C9-6D20592B7495}.Debug|Any CPU.Build.0 = Debug|Any CPU
		{793B021C-312A-4568-A3C9-6D20592B7495}.Release|Any CPU.ActiveCfg = Release|Any CPU
		{793B021C-312A-4568-A3C9-6D20592B7495}.Release|Any CPU.Build.0 = Release|Any CPU
	EndGlobalSection
	GlobalSection(SolutionProperties) = preSolution
		HideSolutionNode = FALSE
	EndGlobalSection
EndGlobal
